// !$*UTF8*$!
{
	archiveVersion = 1;
	classes = {
	};
	objectVersion = 46;
	objects = {

/* Begin PBXAggregateTarget section */
		978DD143161AB7DF0046D0C1 /* Prebuild */ = {
			isa = PBXAggregateTarget;
			buildConfigurationList = 978DD144161AB7DF0046D0C1 /* Build configuration list for PBXAggregateTarget "Prebuild" */;
			buildPhases = (
				978DD147161AB7EB0046D0C1 /* ShellScript */,
			);
			dependencies = (
			);
			name = Prebuild;
			productName = Prebuild;
		};
/* End PBXAggregateTarget section */

/* Begin PBXBuildFile section */
		57B0411780504CF2B2010CF4 /* libPods-clutter-ios.a in Frameworks */ = {isa = PBXBuildFile; fileRef = 0309C99ACD05437899DC2094 /* libPods-clutter-ios.a */; };
		61E50424623049C4B67B8FA4 /* libPods-clutter-ios-test-ios.a in Frameworks */ = {isa = PBXBuildFile; fileRef = 0B8DF80618E84B5EBE997F1A /* libPods-clutter-ios-test-ios.a */; };
		9701F8331634DB7D00F831D9 /* SenTestingKit.framework in Frameworks */ = {isa = PBXBuildFile; fileRef = 97BAE23515785AAD00449601 /* SenTestingKit.framework */; };
		9701F83B1634DB7D00F831D9 /* InfoPlist.strings in Resources */ = {isa = PBXBuildFile; fileRef = 9701F8391634DB7D00F831D9 /* InfoPlist.strings */; };
		9701F8491634DB8400F831D9 /* SenTestingKit.framework in Frameworks */ = {isa = PBXBuildFile; fileRef = 97BAE23515785AAD00449601 /* SenTestingKit.framework */; };
		9701F8501634DB8400F831D9 /* InfoPlist.strings in Resources */ = {isa = PBXBuildFile; fileRef = 9701F84E1634DB8400F831D9 /* InfoPlist.strings */; };
		9701F89A1634DBE200F831D9 /* _include.c in Sources */ = {isa = PBXBuildFile; fileRef = 97DED4E91633763800568C17 /* _include.c */; };
		9701F89B1634DBE200F831D9 /* _include_.cxx in Sources */ = {isa = PBXBuildFile; fileRef = 97DED4EB1633764B00568C17 /* _include_.cxx */; };
		9701F8A51634DBE200F831D9 /* _include_.m in Sources */ = {isa = PBXBuildFile; fileRef = 97DED4EC1633765E00568C17 /* _include_.m */; };
		9701F8A91634DBE200F831D9 /* _include_.mm in Sources */ = {isa = PBXBuildFile; fileRef = 97DED4ED1633766100568C17 /* _include_.mm */; };
		9701F8AA1634DBE200F831D9 /* _include.c in Sources */ = {isa = PBXBuildFile; fileRef = 97DED4E91633763800568C17 /* _include.c */; };
		9701F8AB1634DBE200F831D9 /* _include_.cxx in Sources */ = {isa = PBXBuildFile; fileRef = 97DED4EB1633764B00568C17 /* _include_.cxx */; };
		9701F8B51634DBE200F831D9 /* _include_.m in Sources */ = {isa = PBXBuildFile; fileRef = 97DED4EC1633765E00568C17 /* _include_.m */; };
		9701F8B91634DBE200F831D9 /* _include_.mm in Sources */ = {isa = PBXBuildFile; fileRef = 97DED4ED1633766100568C17 /* _include_.mm */; };
		9701F9091634E6B700F831D9 /* UIKit.framework in Frameworks */ = {isa = PBXBuildFile; fileRef = 977CA87715C0A79A009376AD /* UIKit.framework */; };
		9701F90A1634E6B700F831D9 /* Foundation.framework in Frameworks */ = {isa = PBXBuildFile; fileRef = 977CA87915C0A7A1009376AD /* Foundation.framework */; };
		9701F90B1634E6B700F831D9 /* CoreGraphics.framework in Frameworks */ = {isa = PBXBuildFile; fileRef = 977CA87515C0A796009376AD /* CoreGraphics.framework */; };
		9701F9111634E6B700F831D9 /* InfoPlist.strings in Resources */ = {isa = PBXBuildFile; fileRef = 9701F90F1634E6B700F831D9 /* InfoPlist.strings */; };
		9701F9131634E6B700F831D9 /* main.m in Sources */ = {isa = PBXBuildFile; fileRef = 9701F9121634E6B700F831D9 /* main.m */; };
		9701F9171634E6B700F831D9 /* AppDelegate.m in Sources */ = {isa = PBXBuildFile; fileRef = 9701F9161634E6B700F831D9 /* AppDelegate.m */; };
		9701F9191634E6B700F831D9 /* Default.png in Resources */ = {isa = PBXBuildFile; fileRef = 9701F9181634E6B700F831D9 /* Default.png */; };
		9701F91B1634E6B700F831D9 /* Default@2x.png in Resources */ = {isa = PBXBuildFile; fileRef = 9701F91A1634E6B700F831D9 /* Default@2x.png */; };
		9701F91D1634E6B700F831D9 /* Default-568h@2x.png in Resources */ = {isa = PBXBuildFile; fileRef = 9701F91C1634E6B700F831D9 /* Default-568h@2x.png */; };
		9701F92D1634E6BF00F831D9 /* InfoPlist.strings in Resources */ = {isa = PBXBuildFile; fileRef = 9701F92B1634E6BF00F831D9 /* InfoPlist.strings */; };
		9701F92F1634E6BF00F831D9 /* main.m in Sources */ = {isa = PBXBuildFile; fileRef = 9701F92E1634E6BF00F831D9 /* main.m */; };
		9701F9331634E6BF00F831D9 /* Credits.rtf in Resources */ = {isa = PBXBuildFile; fileRef = 9701F9311634E6BF00F831D9 /* Credits.rtf */; };
		9701F9361634E6BF00F831D9 /* AppDelegate.m in Sources */ = {isa = PBXBuildFile; fileRef = 9701F9351634E6BF00F831D9 /* AppDelegate.m */; };
		9701F9391634E6BF00F831D9 /* MainMenu.xib in Resources */ = {isa = PBXBuildFile; fileRef = 9701F9371634E6BF00F831D9 /* MainMenu.xib */; };
		9701F9651634E77E00F831D9 /* CoreImage.framework in Frameworks */ = {isa = PBXBuildFile; fileRef = 97C0C329162666B40079AB3D /* CoreImage.framework */; };
		9701F9661634E78400F831D9 /* CoreData.framework in Frameworks */ = {isa = PBXBuildFile; fileRef = 97E5D867159EE5D700D233F3 /* CoreData.framework */; };
		9701F9671634EA3600F831D9 /* Cocoa.framework in Frameworks */ = {isa = PBXBuildFile; fileRef = 9701F8D91634DFC700F831D9 /* Cocoa.framework */; };
		9701F9681634EABD00F831D9 /* UIKit.framework in Frameworks */ = {isa = PBXBuildFile; fileRef = 977CA87715C0A79A009376AD /* UIKit.framework */; };
		9701F9691634EBD400F831D9 /* libobjc.dylib in Frameworks */ = {isa = PBXBuildFile; fileRef = 9728F4C015BF7DE600849A6E /* libobjc.dylib */; };
		9701F96A1634ECF500F831D9 /* libobjc.dylib in Frameworks */ = {isa = PBXBuildFile; fileRef = 9728F4C015BF7DE600849A6E /* libobjc.dylib */; };
		9701F96D1634EFE400F831D9 /* QuartzCore.framework in Frameworks */ = {isa = PBXBuildFile; fileRef = 9701F8D71634DF8200F831D9 /* QuartzCore.framework */; };
		9788274A167AD9A100093E8B /* NSFetchedResultsController+CLCoreExt.mm in Sources */ = {isa = PBXBuildFile; fileRef = 97882714167AD9A100093E8B /* NSFetchedResultsController+CLCoreExt.mm */; };
		9788274B167AD9A100093E8B /* NSFetchedResultsController+CLCoreExt.mm in Sources */ = {isa = PBXBuildFile; fileRef = 97882714167AD9A100093E8B /* NSFetchedResultsController+CLCoreExt.mm */; };
		9788274C167AD9A100093E8B /* CIImage+CLCoreExt.mm in Sources */ = {isa = PBXBuildFile; fileRef = 97882717167AD9A100093E8B /* CIImage+CLCoreExt.mm */; };
		9788274D167AD9A100093E8B /* CIImage+CLCoreExt.mm in Sources */ = {isa = PBXBuildFile; fileRef = 97882717167AD9A100093E8B /* CIImage+CLCoreExt.mm */; };
		9788274E167AD9A100093E8B /* NSArray+CLCoreExt.mm in Sources */ = {isa = PBXBuildFile; fileRef = 9788271A167AD9A100093E8B /* NSArray+CLCoreExt.mm */; };
		9788274F167AD9A100093E8B /* NSArray+CLCoreExt.mm in Sources */ = {isa = PBXBuildFile; fileRef = 9788271A167AD9A100093E8B /* NSArray+CLCoreExt.mm */; };
		97882750167AD9A100093E8B /* NSMutableDictionary+CLCoreExt.mm in Sources */ = {isa = PBXBuildFile; fileRef = 9788271C167AD9A100093E8B /* NSMutableDictionary+CLCoreExt.mm */; };
		97882751167AD9A100093E8B /* NSMutableDictionary+CLCoreExt.mm in Sources */ = {isa = PBXBuildFile; fileRef = 9788271C167AD9A100093E8B /* NSMutableDictionary+CLCoreExt.mm */; };
		97882752167AD9A100093E8B /* NSObject+CLCoreExt.mm in Sources */ = {isa = PBXBuildFile; fileRef = 9788271E167AD9A100093E8B /* NSObject+CLCoreExt.mm */; };
		97882753167AD9A100093E8B /* NSObject+CLCoreExt.mm in Sources */ = {isa = PBXBuildFile; fileRef = 9788271E167AD9A100093E8B /* NSObject+CLCoreExt.mm */; };
		97882754167AD9A100093E8B /* NSString+CLCoreExt.mm in Sources */ = {isa = PBXBuildFile; fileRef = 97882720167AD9A100093E8B /* NSString+CLCoreExt.mm */; };
		97882755167AD9A100093E8B /* NSString+CLCoreExt.mm in Sources */ = {isa = PBXBuildFile; fileRef = 97882720167AD9A100093E8B /* NSString+CLCoreExt.mm */; };
		97882756167AD9A100093E8B /* NSURL+CLCoreExt.mm in Sources */ = {isa = PBXBuildFile; fileRef = 97882722167AD9A100093E8B /* NSURL+CLCoreExt.mm */; };
		97882757167AD9A100093E8B /* NSURL+CLCoreExt.mm in Sources */ = {isa = PBXBuildFile; fileRef = 97882722167AD9A100093E8B /* NSURL+CLCoreExt.mm */; };
		97882758167AD9A100093E8B /* NSURLRequest+CLCoreExt.mm in Sources */ = {isa = PBXBuildFile; fileRef = 97882724167AD9A100093E8B /* NSURLRequest+CLCoreExt.mm */; };
		97882759167AD9A100093E8B /* NSURLRequest+CLCoreExt.mm in Sources */ = {isa = PBXBuildFile; fileRef = 97882724167AD9A100093E8B /* NSURLRequest+CLCoreExt.mm */; };
		9788275A167AD9A100093E8B /* UIApplication+CLCoreExt.mm in Sources */ = {isa = PBXBuildFile; fileRef = 97882727167AD9A100093E8B /* UIApplication+CLCoreExt.mm */; };
		9788275E167AD9A100093E8B /* UIImage+CLCoreExt.mm in Sources */ = {isa = PBXBuildFile; fileRef = 9788272A167AD9A100093E8B /* UIImage+CLCoreExt.mm */; };
		97882760167AD9A100093E8B /* UISearchBar+CLCoreExt.mm in Sources */ = {isa = PBXBuildFile; fileRef = 9788272C167AD9A100093E8B /* UISearchBar+CLCoreExt.mm */; };
		97882762167AD9A100093E8B /* UISegmentedControl+CLCoreExt.mm in Sources */ = {isa = PBXBuildFile; fileRef = 9788272E167AD9A100093E8B /* UISegmentedControl+CLCoreExt.mm */; };
		97882766167AD9A100093E8B /* UITableViewCell+CLCoreExt.mm in Sources */ = {isa = PBXBuildFile; fileRef = 97882731167AD9A100093E8B /* UITableViewCell+CLCoreExt.mm */; };
		97882768167AD9A100093E8B /* CLError.mm in Sources */ = {isa = PBXBuildFile; fileRef = 97882734167AD9A100093E8B /* CLError.mm */; };
		97882769167AD9A100093E8B /* CLError.mm in Sources */ = {isa = PBXBuildFile; fileRef = 97882734167AD9A100093E8B /* CLError.mm */; };
		9788276C167AD9A100093E8B /* CLErrorCatcher.mm in Sources */ = {isa = PBXBuildFile; fileRef = 97882737167AD9A100093E8B /* CLErrorCatcher.mm */; };
		9788276D167AD9A100093E8B /* CLErrorCatcher.mm in Sources */ = {isa = PBXBuildFile; fileRef = 97882737167AD9A100093E8B /* CLErrorCatcher.mm */; };
		9788277C167AD9A100093E8B /* CLStateMachineState.mm in Sources */ = {isa = PBXBuildFile; fileRef = 97882741167AD9A100093E8B /* CLStateMachineState.mm */; };
		9788277D167AD9A100093E8B /* CLStateMachineState.mm in Sources */ = {isa = PBXBuildFile; fileRef = 97882741167AD9A100093E8B /* CLStateMachineState.mm */; };
		9788277E167AD9A100093E8B /* CLUserDefaults.mm in Sources */ = {isa = PBXBuildFile; fileRef = 97882744167AD9A100093E8B /* CLUserDefaults.mm */; };
		9788277F167AD9A100093E8B /* CLUserDefaults.mm in Sources */ = {isa = PBXBuildFile; fileRef = 97882744167AD9A100093E8B /* CLUserDefaults.mm */; };
		97882794167ADA3000093E8B /* Clutter_Tests.mm in Sources */ = {isa = PBXBuildFile; fileRef = 9788270C167AD9A100093E8B /* Clutter_Tests.mm */; };
		97882795167ADA3000093E8B /* ClutterDefines_Tests.mm in Sources */ = {isa = PBXBuildFile; fileRef = 9788270E167AD9A100093E8B /* ClutterDefines_Tests.mm */; };
		97882796167ADA3000093E8B /* NSArray+CLCoreExt_Tests.mm in Sources */ = {isa = PBXBuildFile; fileRef = 97882782167AD9D400093E8B /* NSArray+CLCoreExt_Tests.mm */; };
		97882797167ADA3000093E8B /* NSMutableDictionary+CLCoreExt_Tests.mm in Sources */ = {isa = PBXBuildFile; fileRef = 97882783167AD9D400093E8B /* NSMutableDictionary+CLCoreExt_Tests.mm */; };
		97882798167ADA3000093E8B /* NSObject+CLCoreExt_Tests.mm in Sources */ = {isa = PBXBuildFile; fileRef = 97882784167AD9D400093E8B /* NSObject+CLCoreExt_Tests.mm */; };
		97882799167ADA3000093E8B /* NSString+CLCoreExt_Tests.mm in Sources */ = {isa = PBXBuildFile; fileRef = 97882785167AD9D400093E8B /* NSString+CLCoreExt_Tests.mm */; };
		9788279A167ADA3000093E8B /* NSURL+CLCoreExt_Tests.mm in Sources */ = {isa = PBXBuildFile; fileRef = 97882786167AD9D400093E8B /* NSURL+CLCoreExt_Tests.mm */; };
		9788279B167ADA3000093E8B /* NSURLRequest+CLCoreExt_Tests.mm in Sources */ = {isa = PBXBuildFile; fileRef = 97882787167AD9D400093E8B /* NSURLRequest+CLCoreExt_Tests.mm */; };
		9788279E167ADA3000093E8B /* CLError_Tests.mm in Sources */ = {isa = PBXBuildFile; fileRef = 97882735167AD9A100093E8B /* CLError_Tests.mm */; };
		9788279F167ADA3000093E8B /* CLStateMachine_Tests.mm in Sources */ = {isa = PBXBuildFile; fileRef = 9788273F167AD9A100093E8B /* CLStateMachine_Tests.mm */; };
		978827A0167ADA3000093E8B /* CLUserDefaults_Tests.mm in Sources */ = {isa = PBXBuildFile; fileRef = 97882745167AD9A100093E8B /* CLUserDefaults_Tests.mm */; };
		978827A1167ADA3000093E8B /* Clutter_Tests.mm in Sources */ = {isa = PBXBuildFile; fileRef = 9788270C167AD9A100093E8B /* Clutter_Tests.mm */; };
		978827A2167ADA3000093E8B /* ClutterDefines_Tests.mm in Sources */ = {isa = PBXBuildFile; fileRef = 9788270E167AD9A100093E8B /* ClutterDefines_Tests.mm */; };
		978827A3167ADA3000093E8B /* NSArray+CLCoreExt_Tests.mm in Sources */ = {isa = PBXBuildFile; fileRef = 97882782167AD9D400093E8B /* NSArray+CLCoreExt_Tests.mm */; };
		978827A4167ADA3000093E8B /* NSMutableDictionary+CLCoreExt_Tests.mm in Sources */ = {isa = PBXBuildFile; fileRef = 97882783167AD9D400093E8B /* NSMutableDictionary+CLCoreExt_Tests.mm */; };
		978827A5167ADA3000093E8B /* NSObject+CLCoreExt_Tests.mm in Sources */ = {isa = PBXBuildFile; fileRef = 97882784167AD9D400093E8B /* NSObject+CLCoreExt_Tests.mm */; };
		978827A6167ADA3000093E8B /* NSString+CLCoreExt_Tests.mm in Sources */ = {isa = PBXBuildFile; fileRef = 97882785167AD9D400093E8B /* NSString+CLCoreExt_Tests.mm */; };
		978827A7167ADA3000093E8B /* NSURL+CLCoreExt_Tests.mm in Sources */ = {isa = PBXBuildFile; fileRef = 97882786167AD9D400093E8B /* NSURL+CLCoreExt_Tests.mm */; };
		978827A8167ADA3000093E8B /* NSURLRequest+CLCoreExt_Tests.mm in Sources */ = {isa = PBXBuildFile; fileRef = 97882787167AD9D400093E8B /* NSURLRequest+CLCoreExt_Tests.mm */; };
		978827A9167ADA3000093E8B /* UIApplication_Tests.mm in Sources */ = {isa = PBXBuildFile; fileRef = 97882728167AD9A100093E8B /* UIApplication_Tests.mm */; };
		978827AA167ADA3000093E8B /* UISegmentedControl_Tests.mm in Sources */ = {isa = PBXBuildFile; fileRef = 9788272F167AD9A100093E8B /* UISegmentedControl_Tests.mm */; };
		978827AB167ADA3000093E8B /* CLError_Tests.mm in Sources */ = {isa = PBXBuildFile; fileRef = 97882735167AD9A100093E8B /* CLError_Tests.mm */; };
		978827AC167ADA3000093E8B /* CLStateMachine_Tests.mm in Sources */ = {isa = PBXBuildFile; fileRef = 9788273F167AD9A100093E8B /* CLStateMachine_Tests.mm */; };
		978827AD167ADA3000093E8B /* CLUserDefaults_Tests.mm in Sources */ = {isa = PBXBuildFile; fileRef = 97882745167AD9A100093E8B /* CLUserDefaults_Tests.mm */; };
		978827B0167B0F1000093E8B /* CLStateMachine.mm in Sources */ = {isa = PBXBuildFile; fileRef = 978827AF167B0F1000093E8B /* CLStateMachine.mm */; };
		978827B1167B0F1000093E8B /* CLStateMachine.mm in Sources */ = {isa = PBXBuildFile; fileRef = 978827AF167B0F1000093E8B /* CLStateMachine.mm */; };
		97FF51D31690E77B00880AD0 /* NSDate+CLCoreExt.mm in Sources */ = {isa = PBXBuildFile; fileRef = 97FF51D21690E77B00880AD0 /* NSDate+CLCoreExt.mm */; };
		97FF51D41690E77B00880AD0 /* NSDate+CLCoreExt.mm in Sources */ = {isa = PBXBuildFile; fileRef = 97FF51D21690E77B00880AD0 /* NSDate+CLCoreExt.mm */; };
		97FF51DF1690E8D800880AD0 /* NSDate+CLCoreExt_Tests.mm in Sources */ = {isa = PBXBuildFile; fileRef = 97FF51DE1690E8D800880AD0 /* NSDate+CLCoreExt_Tests.mm */; };
		97FF51E01690E8D800880AD0 /* NSDate+CLCoreExt_Tests.mm in Sources */ = {isa = PBXBuildFile; fileRef = 97FF51DE1690E8D800880AD0 /* NSDate+CLCoreExt_Tests.mm */; };
		D91CEE77F1F84D919BA1090F /* libPods-clutter-osx-test-osx.a in Frameworks */ = {isa = PBXBuildFile; fileRef = 2DADD1AC716644559245C58E /* libPods-clutter-osx-test-osx.a */; };
		DCB423953788426DA5FC3BCE /* libPods-clutter-osx.a in Frameworks */ = {isa = PBXBuildFile; fileRef = D89F1EB9F0674CC299478BFA /* libPods-clutter-osx.a */; };
/* End PBXBuildFile section */

/* Begin PBXContainerItemProxy section */
		9701F9591634E6F400F831D9 /* PBXContainerItemProxy */ = {
			isa = PBXContainerItemProxy;
			containerPortal = 9710F37E15784F6400BA3FDC /* Project object */;
			proxyType = 1;
			remoteGlobalIDString = 9701F9061634E6B700F831D9;
			remoteInfo = "clutter-ios";
		};
		9701F95B1634E6F700F831D9 /* PBXContainerItemProxy */ = {
			isa = PBXContainerItemProxy;
			containerPortal = 9710F37E15784F6400BA3FDC /* Project object */;
			proxyType = 1;
			remoteGlobalIDString = 978DD143161AB7DF0046D0C1;
			remoteInfo = Prebuild;
		};
		9701F95D1634E6FB00F831D9 /* PBXContainerItemProxy */ = {
			isa = PBXContainerItemProxy;
			containerPortal = 9710F37E15784F6400BA3FDC /* Project object */;
			proxyType = 1;
			remoteGlobalIDString = 978DD143161AB7DF0046D0C1;
			remoteInfo = Prebuild;
		};
		9701F95F1634E70000F831D9 /* PBXContainerItemProxy */ = {
			isa = PBXContainerItemProxy;
			containerPortal = 9710F37E15784F6400BA3FDC /* Project object */;
			proxyType = 1;
			remoteGlobalIDString = 9701F9241634E6BE00F831D9;
			remoteInfo = "clutter-osx";
		};
/* End PBXContainerItemProxy section */

/* Begin PBXFileReference section */
		0309C99ACD05437899DC2094 /* libPods-clutter-ios.a */ = {isa = PBXFileReference; explicitFileType = archive.ar; includeInIndex = 0; path = "libPods-clutter-ios.a"; sourceTree = BUILT_PRODUCTS_DIR; };
		050683818D4D4DBF980509B0 /* Pods-clutter-ios.xcconfig */ = {isa = PBXFileReference; includeInIndex = 1; lastKnownFileType = text.xcconfig; name = "Pods-clutter-ios.xcconfig"; path = "Pods/Pods-clutter-ios.xcconfig"; sourceTree = SOURCE_ROOT; };
		09FC2F1879B748518CC2CD12 /* Pods.xcconfig */ = {isa = PBXFileReference; lastKnownFileType = text.xcconfig; name = Pods.xcconfig; path = Pods/Pods.xcconfig; sourceTree = SOURCE_ROOT; };
		0B8DF80618E84B5EBE997F1A /* libPods-clutter-ios-test-ios.a */ = {isa = PBXFileReference; explicitFileType = archive.ar; includeInIndex = 0; path = "libPods-clutter-ios-test-ios.a"; sourceTree = BUILT_PRODUCTS_DIR; };
		0FD5D96386D64F0D80914733 /* libPods.a */ = {isa = PBXFileReference; explicitFileType = archive.ar; includeInIndex = 0; path = libPods.a; sourceTree = BUILT_PRODUCTS_DIR; };
		16CE907D5EB247AF9297BA54 /* Pods-clutter-osx-test-osx.xcconfig */ = {isa = PBXFileReference; includeInIndex = 1; lastKnownFileType = text.xcconfig; name = "Pods-clutter-osx-test-osx.xcconfig"; path = "Pods/Pods-clutter-osx-test-osx.xcconfig"; sourceTree = SOURCE_ROOT; };
		2C534930D7D340FF9FA4752B /* Pods-clutter-osx.xcconfig */ = {isa = PBXFileReference; includeInIndex = 1; lastKnownFileType = text.xcconfig; name = "Pods-clutter-osx.xcconfig"; path = "Pods/Pods-clutter-osx.xcconfig"; sourceTree = SOURCE_ROOT; };
		2DADD1AC716644559245C58E /* libPods-clutter-osx-test-osx.a */ = {isa = PBXFileReference; explicitFileType = archive.ar; includeInIndex = 0; path = "libPods-clutter-osx-test-osx.a"; sourceTree = BUILT_PRODUCTS_DIR; };
		31AC5041AF214F1F8CB48CBD /* libPods-clutter-ios.a */ = {isa = PBXFileReference; explicitFileType = archive.ar; includeInIndex = 0; path = "libPods-clutter-ios.a"; sourceTree = BUILT_PRODUCTS_DIR; };
		416CA7E0C25C4E42AC154BAC /* Pods-clutter-ios-test-ios.xcconfig */ = {isa = PBXFileReference; includeInIndex = 1; lastKnownFileType = text.xcconfig; name = "Pods-clutter-ios-test-ios.xcconfig"; path = "Pods/Pods-clutter-ios-test-ios.xcconfig"; sourceTree = SOURCE_ROOT; };
		563CE226A06449DA8A7D1047 /* libPods.a */ = {isa = PBXFileReference; explicitFileType = archive.ar; includeInIndex = 0; path = libPods.a; sourceTree = BUILT_PRODUCTS_DIR; };
		6AABA45803C045BDB85C0F37 /* Pods-clutter-ios.xcconfig */ = {isa = PBXFileReference; includeInIndex = 1; lastKnownFileType = text.xcconfig; name = "Pods-clutter-ios.xcconfig"; path = "Pods/Pods-clutter-ios.xcconfig"; sourceTree = SOURCE_ROOT; };
		6F175595A45D454FAE64FEF7 /* libPods-clutter-osx.a */ = {isa = PBXFileReference; explicitFileType = archive.ar; includeInIndex = 0; path = "libPods-clutter-osx.a"; sourceTree = BUILT_PRODUCTS_DIR; };
		9701F7DB1634DAC800F831D9 /* AppKit.framework */ = {isa = PBXFileReference; lastKnownFileType = wrapper.framework; name = AppKit.framework; path = Library/Frameworks/AppKit.framework; sourceTree = SDKROOT; };
		9701F7DC1634DAC800F831D9 /* CoreData.framework */ = {isa = PBXFileReference; lastKnownFileType = wrapper.framework; name = CoreData.framework; path = Library/Frameworks/CoreData.framework; sourceTree = SDKROOT; };
		9701F7DD1634DAC800F831D9 /* Foundation.framework */ = {isa = PBXFileReference; lastKnownFileType = wrapper.framework; name = Foundation.framework; path = Library/Frameworks/Foundation.framework; sourceTree = SDKROOT; };
		9701F8321634DB7D00F831D9 /* test-ios.octest */ = {isa = PBXFileReference; explicitFileType = wrapper.cfbundle; includeInIndex = 0; path = "test-ios.octest"; sourceTree = BUILT_PRODUCTS_DIR; };
		9701F8381634DB7D00F831D9 /* test-ios-Info.plist */ = {isa = PBXFileReference; lastKnownFileType = text.plist.xml; path = "test-ios-Info.plist"; sourceTree = "<group>"; };
		9701F83A1634DB7D00F831D9 /* en */ = {isa = PBXFileReference; lastKnownFileType = text.plist.strings; name = en; path = en.lproj/InfoPlist.strings; sourceTree = "<group>"; };
		9701F83F1634DB7D00F831D9 /* test-ios-Prefix.pch */ = {isa = PBXFileReference; lastKnownFileType = sourcecode.c.h; path = "test-ios-Prefix.pch"; sourceTree = "<group>"; };
		9701F8481634DB8400F831D9 /* test-osx.octest */ = {isa = PBXFileReference; explicitFileType = wrapper.cfbundle; includeInIndex = 0; path = "test-osx.octest"; sourceTree = BUILT_PRODUCTS_DIR; };
		9701F84D1634DB8400F831D9 /* test-osx-Info.plist */ = {isa = PBXFileReference; lastKnownFileType = text.plist.xml; path = "test-osx-Info.plist"; sourceTree = "<group>"; };
		9701F84F1634DB8400F831D9 /* en */ = {isa = PBXFileReference; lastKnownFileType = text.plist.strings; name = en; path = en.lproj/InfoPlist.strings; sourceTree = "<group>"; };
		9701F8541634DB8400F831D9 /* test-osx-Prefix.pch */ = {isa = PBXFileReference; lastKnownFileType = sourcecode.c.h; path = "test-osx-Prefix.pch"; sourceTree = "<group>"; };
		9701F8D71634DF8200F831D9 /* QuartzCore.framework */ = {isa = PBXFileReference; includeInIndex = 1; lastKnownFileType = wrapper.framework; name = QuartzCore.framework; path = Platforms/MacOSX.platform/Developer/SDKs/MacOSX10.8.sdk/System/Library/Frameworks/QuartzCore.framework; sourceTree = DEVELOPER_DIR; };
		9701F8D91634DFC700F831D9 /* Cocoa.framework */ = {isa = PBXFileReference; includeInIndex = 1; lastKnownFileType = wrapper.framework; name = Cocoa.framework; path = Platforms/MacOSX.platform/Developer/SDKs/MacOSX10.8.sdk/System/Library/Frameworks/Cocoa.framework; sourceTree = DEVELOPER_DIR; };
		9701F8FE1634E5D600F831D9 /* QuartzCore.framework */ = {isa = PBXFileReference; lastKnownFileType = wrapper.framework; name = QuartzCore.framework; path = System/Library/Frameworks/QuartzCore.framework; sourceTree = SDKROOT; };
		9701F9071634E6B700F831D9 /* clutter-ios.app */ = {isa = PBXFileReference; explicitFileType = wrapper.application; includeInIndex = 0; path = "clutter-ios.app"; sourceTree = BUILT_PRODUCTS_DIR; };
		9701F90E1634E6B700F831D9 /* clutter-ios-Info.plist */ = {isa = PBXFileReference; lastKnownFileType = text.plist.xml; path = "clutter-ios-Info.plist"; sourceTree = "<group>"; };
		9701F9101634E6B700F831D9 /* en */ = {isa = PBXFileReference; lastKnownFileType = text.plist.strings; name = en; path = en.lproj/InfoPlist.strings; sourceTree = "<group>"; };
		9701F9121634E6B700F831D9 /* main.m */ = {isa = PBXFileReference; lastKnownFileType = sourcecode.c.objc; path = main.m; sourceTree = "<group>"; };
		9701F9141634E6B700F831D9 /* clutter-ios-Prefix.pch */ = {isa = PBXFileReference; lastKnownFileType = sourcecode.c.h; path = "clutter-ios-Prefix.pch"; sourceTree = "<group>"; };
		9701F9151634E6B700F831D9 /* AppDelegate.h */ = {isa = PBXFileReference; lastKnownFileType = sourcecode.c.h; path = AppDelegate.h; sourceTree = "<group>"; };
		9701F9161634E6B700F831D9 /* AppDelegate.m */ = {isa = PBXFileReference; lastKnownFileType = sourcecode.c.objc; path = AppDelegate.m; sourceTree = "<group>"; };
		9701F9181634E6B700F831D9 /* Default.png */ = {isa = PBXFileReference; lastKnownFileType = image.png; path = Default.png; sourceTree = "<group>"; };
		9701F91A1634E6B700F831D9 /* Default@2x.png */ = {isa = PBXFileReference; lastKnownFileType = image.png; path = "Default@2x.png"; sourceTree = "<group>"; };
		9701F91C1634E6B700F831D9 /* Default-568h@2x.png */ = {isa = PBXFileReference; lastKnownFileType = image.png; path = "Default-568h@2x.png"; sourceTree = "<group>"; };
		9701F9251634E6BE00F831D9 /* clutter-osx.app */ = {isa = PBXFileReference; explicitFileType = wrapper.application; includeInIndex = 0; path = "clutter-osx.app"; sourceTree = BUILT_PRODUCTS_DIR; };
		9701F92A1634E6BF00F831D9 /* clutter-osx-Info.plist */ = {isa = PBXFileReference; lastKnownFileType = text.plist.xml; path = "clutter-osx-Info.plist"; sourceTree = "<group>"; };
		9701F92C1634E6BF00F831D9 /* en */ = {isa = PBXFileReference; lastKnownFileType = text.plist.strings; name = en; path = en.lproj/InfoPlist.strings; sourceTree = "<group>"; };
		9701F92E1634E6BF00F831D9 /* main.m */ = {isa = PBXFileReference; lastKnownFileType = sourcecode.c.objc; path = main.m; sourceTree = "<group>"; };
		9701F9301634E6BF00F831D9 /* clutter-osx-Prefix.pch */ = {isa = PBXFileReference; lastKnownFileType = sourcecode.c.h; path = "clutter-osx-Prefix.pch"; sourceTree = "<group>"; };
		9701F9321634E6BF00F831D9 /* en */ = {isa = PBXFileReference; lastKnownFileType = text.rtf; name = en; path = en.lproj/Credits.rtf; sourceTree = "<group>"; };
		9701F9341634E6BF00F831D9 /* AppDelegate.h */ = {isa = PBXFileReference; lastKnownFileType = sourcecode.c.h; path = AppDelegate.h; sourceTree = "<group>"; };
		9701F9351634E6BF00F831D9 /* AppDelegate.m */ = {isa = PBXFileReference; lastKnownFileType = sourcecode.c.objc; path = AppDelegate.m; sourceTree = "<group>"; };
		9701F9381634E6BF00F831D9 /* en */ = {isa = PBXFileReference; lastKnownFileType = file.xib; name = en; path = en.lproj/MainMenu.xib; sourceTree = "<group>"; };
		9728F4C015BF7DE600849A6E /* libobjc.dylib */ = {isa = PBXFileReference; includeInIndex = 1; lastKnownFileType = "compiled.mach-o.dylib"; name = libobjc.dylib; path = Platforms/iPhoneOS.platform/Developer/SDKs/iPhoneOS6.0.sdk/usr/lib/libobjc.dylib; sourceTree = DEVELOPER_DIR; };
		977CA87515C0A796009376AD /* CoreGraphics.framework */ = {isa = PBXFileReference; includeInIndex = 1; lastKnownFileType = wrapper.framework; name = CoreGraphics.framework; path = Platforms/iPhoneOS.platform/Developer/SDKs/iPhoneOS6.0.sdk/System/Library/Frameworks/CoreGraphics.framework; sourceTree = DEVELOPER_DIR; };
		977CA87715C0A79A009376AD /* UIKit.framework */ = {isa = PBXFileReference; includeInIndex = 1; lastKnownFileType = wrapper.framework; name = UIKit.framework; path = Platforms/iPhoneOS.platform/Developer/SDKs/iPhoneOS6.0.sdk/System/Library/Frameworks/UIKit.framework; sourceTree = DEVELOPER_DIR; };
		977CA87915C0A7A1009376AD /* Foundation.framework */ = {isa = PBXFileReference; includeInIndex = 1; lastKnownFileType = wrapper.framework; name = Foundation.framework; path = Platforms/iPhoneOS.platform/Developer/SDKs/iPhoneOS6.0.sdk/System/Library/Frameworks/Foundation.framework; sourceTree = DEVELOPER_DIR; };
		9788270C167AD9A100093E8B /* Clutter_Tests.mm */ = {isa = PBXFileReference; fileEncoding = 4; lastKnownFileType = sourcecode.cpp.objcpp; path = Clutter_Tests.mm; sourceTree = "<group>"; };
		9788270D167AD9A100093E8B /* Clutter.h */ = {isa = PBXFileReference; fileEncoding = 4; lastKnownFileType = sourcecode.c.h; path = Clutter.h; sourceTree = "<group>"; };
		9788270E167AD9A100093E8B /* ClutterDefines_Tests.mm */ = {isa = PBXFileReference; fileEncoding = 4; lastKnownFileType = sourcecode.cpp.objcpp; path = ClutterDefines_Tests.mm; sourceTree = "<group>"; };
		9788270F167AD9A100093E8B /* ClutterDefines.h */ = {isa = PBXFileReference; fileEncoding = 4; lastKnownFileType = sourcecode.c.h; path = ClutterDefines.h; sourceTree = "<group>"; };
		97882711167AD9A100093E8B /* CLCoreExt.h */ = {isa = PBXFileReference; fileEncoding = 4; lastKnownFileType = sourcecode.c.h; path = CLCoreExt.h; sourceTree = "<group>"; };
		97882713167AD9A100093E8B /* NSFetchedResultsController+CLCoreExt.h */ = {isa = PBXFileReference; fileEncoding = 4; lastKnownFileType = sourcecode.c.h; lineEnding = 0; path = "NSFetchedResultsController+CLCoreExt.h"; sourceTree = "<group>"; xcLanguageSpecificationIdentifier = xcode.lang.objcpp; };
		97882714167AD9A100093E8B /* NSFetchedResultsController+CLCoreExt.mm */ = {isa = PBXFileReference; fileEncoding = 4; lastKnownFileType = sourcecode.cpp.objcpp; lineEnding = 0; path = "NSFetchedResultsController+CLCoreExt.mm"; sourceTree = "<group>"; xcLanguageSpecificationIdentifier = xcode.lang.objcpp; };
		97882716167AD9A100093E8B /* CIImage+CLCoreExt.h */ = {isa = PBXFileReference; fileEncoding = 4; lastKnownFileType = sourcecode.c.h; lineEnding = 0; path = "CIImage+CLCoreExt.h"; sourceTree = "<group>"; xcLanguageSpecificationIdentifier = xcode.lang.objcpp; };
		97882717167AD9A100093E8B /* CIImage+CLCoreExt.mm */ = {isa = PBXFileReference; fileEncoding = 4; lastKnownFileType = sourcecode.cpp.objcpp; lineEnding = 0; path = "CIImage+CLCoreExt.mm"; sourceTree = "<group>"; xcLanguageSpecificationIdentifier = xcode.lang.objcpp; };
		97882719167AD9A100093E8B /* NSArray+CLCoreExt.h */ = {isa = PBXFileReference; fileEncoding = 4; lastKnownFileType = sourcecode.c.h; lineEnding = 0; path = "NSArray+CLCoreExt.h"; sourceTree = "<group>"; xcLanguageSpecificationIdentifier = xcode.lang.objcpp; };
		9788271A167AD9A100093E8B /* NSArray+CLCoreExt.mm */ = {isa = PBXFileReference; fileEncoding = 4; lastKnownFileType = sourcecode.cpp.objcpp; lineEnding = 0; path = "NSArray+CLCoreExt.mm"; sourceTree = "<group>"; xcLanguageSpecificationIdentifier = xcode.lang.objcpp; };
		9788271B167AD9A100093E8B /* NSMutableDictionary+CLCoreExt.h */ = {isa = PBXFileReference; fileEncoding = 4; lastKnownFileType = sourcecode.c.h; lineEnding = 0; path = "NSMutableDictionary+CLCoreExt.h"; sourceTree = "<group>"; xcLanguageSpecificationIdentifier = xcode.lang.objcpp; };
		9788271C167AD9A100093E8B /* NSMutableDictionary+CLCoreExt.mm */ = {isa = PBXFileReference; fileEncoding = 4; lastKnownFileType = sourcecode.cpp.objcpp; lineEnding = 0; path = "NSMutableDictionary+CLCoreExt.mm"; sourceTree = "<group>"; xcLanguageSpecificationIdentifier = xcode.lang.objcpp; };
		9788271D167AD9A100093E8B /* NSObject+CLCoreExt.h */ = {isa = PBXFileReference; fileEncoding = 4; lastKnownFileType = sourcecode.c.h; lineEnding = 0; path = "NSObject+CLCoreExt.h"; sourceTree = "<group>"; xcLanguageSpecificationIdentifier = xcode.lang.objcpp; };
		9788271E167AD9A100093E8B /* NSObject+CLCoreExt.mm */ = {isa = PBXFileReference; fileEncoding = 4; lastKnownFileType = sourcecode.cpp.objcpp; lineEnding = 0; path = "NSObject+CLCoreExt.mm"; sourceTree = "<group>"; xcLanguageSpecificationIdentifier = xcode.lang.objcpp; };
		9788271F167AD9A100093E8B /* NSString+CLCoreExt.h */ = {isa = PBXFileReference; fileEncoding = 4; lastKnownFileType = sourcecode.c.h; lineEnding = 0; path = "NSString+CLCoreExt.h"; sourceTree = "<group>"; xcLanguageSpecificationIdentifier = xcode.lang.objcpp; };
		97882720167AD9A100093E8B /* NSString+CLCoreExt.mm */ = {isa = PBXFileReference; fileEncoding = 4; lastKnownFileType = sourcecode.cpp.objcpp; lineEnding = 0; path = "NSString+CLCoreExt.mm"; sourceTree = "<group>"; xcLanguageSpecificationIdentifier = xcode.lang.objcpp; };
		97882721167AD9A100093E8B /* NSURL+CLCoreExt.h */ = {isa = PBXFileReference; fileEncoding = 4; lastKnownFileType = sourcecode.c.h; lineEnding = 0; path = "NSURL+CLCoreExt.h"; sourceTree = "<group>"; xcLanguageSpecificationIdentifier = xcode.lang.objcpp; };
		97882722167AD9A100093E8B /* NSURL+CLCoreExt.mm */ = {isa = PBXFileReference; fileEncoding = 4; lastKnownFileType = sourcecode.cpp.objcpp; lineEnding = 0; path = "NSURL+CLCoreExt.mm"; sourceTree = "<group>"; xcLanguageSpecificationIdentifier = xcode.lang.objcpp; };
		97882723167AD9A100093E8B /* NSURLRequest+CLCoreExt.h */ = {isa = PBXFileReference; fileEncoding = 4; lastKnownFileType = sourcecode.c.h; lineEnding = 0; path = "NSURLRequest+CLCoreExt.h"; sourceTree = "<group>"; xcLanguageSpecificationIdentifier = xcode.lang.objcpp; };
		97882724167AD9A100093E8B /* NSURLRequest+CLCoreExt.mm */ = {isa = PBXFileReference; fileEncoding = 4; lastKnownFileType = sourcecode.cpp.objcpp; lineEnding = 0; path = "NSURLRequest+CLCoreExt.mm"; sourceTree = "<group>"; xcLanguageSpecificationIdentifier = xcode.lang.objcpp; };
		97882726167AD9A100093E8B /* UIApplication+CLCoreExt.h */ = {isa = PBXFileReference; fileEncoding = 4; lastKnownFileType = sourcecode.c.h; lineEnding = 0; path = "UIApplication+CLCoreExt.h"; sourceTree = "<group>"; xcLanguageSpecificationIdentifier = xcode.lang.objcpp; };
		97882727167AD9A100093E8B /* UIApplication+CLCoreExt.mm */ = {isa = PBXFileReference; fileEncoding = 4; lastKnownFileType = sourcecode.cpp.objcpp; lineEnding = 0; path = "UIApplication+CLCoreExt.mm"; sourceTree = "<group>"; xcLanguageSpecificationIdentifier = xcode.lang.objcpp; };
		97882728167AD9A100093E8B /* UIApplication_Tests.mm */ = {isa = PBXFileReference; fileEncoding = 4; lastKnownFileType = sourcecode.cpp.objcpp; path = UIApplication_Tests.mm; sourceTree = "<group>"; };
		97882729167AD9A100093E8B /* UIImage+CLCoreExt.h */ = {isa = PBXFileReference; fileEncoding = 4; lastKnownFileType = sourcecode.c.h; lineEnding = 0; path = "UIImage+CLCoreExt.h"; sourceTree = "<group>"; xcLanguageSpecificationIdentifier = xcode.lang.objcpp; };
		9788272A167AD9A100093E8B /* UIImage+CLCoreExt.mm */ = {isa = PBXFileReference; fileEncoding = 4; lastKnownFileType = sourcecode.cpp.objcpp; lineEnding = 0; path = "UIImage+CLCoreExt.mm"; sourceTree = "<group>"; xcLanguageSpecificationIdentifier = xcode.lang.objcpp; };
		9788272B167AD9A100093E8B /* UISearchBar+CLCoreExt.h */ = {isa = PBXFileReference; fileEncoding = 4; lastKnownFileType = sourcecode.c.h; path = "UISearchBar+CLCoreExt.h"; sourceTree = "<group>"; };
		9788272C167AD9A100093E8B /* UISearchBar+CLCoreExt.mm */ = {isa = PBXFileReference; fileEncoding = 4; lastKnownFileType = sourcecode.cpp.objcpp; path = "UISearchBar+CLCoreExt.mm"; sourceTree = "<group>"; };
		9788272D167AD9A100093E8B /* UISegmentedControl+CLCoreExt.h */ = {isa = PBXFileReference; fileEncoding = 4; lastKnownFileType = sourcecode.c.h; path = "UISegmentedControl+CLCoreExt.h"; sourceTree = "<group>"; };
		9788272E167AD9A100093E8B /* UISegmentedControl+CLCoreExt.mm */ = {isa = PBXFileReference; fileEncoding = 4; lastKnownFileType = sourcecode.cpp.objcpp; path = "UISegmentedControl+CLCoreExt.mm"; sourceTree = "<group>"; };
		9788272F167AD9A100093E8B /* UISegmentedControl_Tests.mm */ = {isa = PBXFileReference; fileEncoding = 4; lastKnownFileType = sourcecode.cpp.objcpp; path = UISegmentedControl_Tests.mm; sourceTree = "<group>"; };
		97882730167AD9A100093E8B /* UITableViewCell+CLCoreExt.h */ = {isa = PBXFileReference; fileEncoding = 4; lastKnownFileType = sourcecode.c.h; path = "UITableViewCell+CLCoreExt.h"; sourceTree = "<group>"; };
		97882731167AD9A100093E8B /* UITableViewCell+CLCoreExt.mm */ = {isa = PBXFileReference; fileEncoding = 4; lastKnownFileType = sourcecode.cpp.objcpp; path = "UITableViewCell+CLCoreExt.mm"; sourceTree = "<group>"; };
		97882733167AD9A100093E8B /* CLError.h */ = {isa = PBXFileReference; fileEncoding = 4; lastKnownFileType = sourcecode.c.h; path = CLError.h; sourceTree = "<group>"; };
		97882734167AD9A100093E8B /* CLError.mm */ = {isa = PBXFileReference; fileEncoding = 4; lastKnownFileType = sourcecode.cpp.objcpp; path = CLError.mm; sourceTree = "<group>"; };
		97882735167AD9A100093E8B /* CLError_Tests.mm */ = {isa = PBXFileReference; fileEncoding = 4; lastKnownFileType = sourcecode.cpp.objcpp; path = CLError_Tests.mm; sourceTree = "<group>"; };
		97882736167AD9A100093E8B /* CLErrorCatcher.h */ = {isa = PBXFileReference; fileEncoding = 4; lastKnownFileType = sourcecode.c.h; path = CLErrorCatcher.h; sourceTree = "<group>"; };
		97882737167AD9A100093E8B /* CLErrorCatcher.mm */ = {isa = PBXFileReference; fileEncoding = 4; lastKnownFileType = sourcecode.cpp.objcpp; path = CLErrorCatcher.mm; sourceTree = "<group>"; };
		9788273F167AD9A100093E8B /* CLStateMachine_Tests.mm */ = {isa = PBXFileReference; fileEncoding = 4; lastKnownFileType = sourcecode.cpp.objcpp; path = CLStateMachine_Tests.mm; sourceTree = "<group>"; };
		97882740167AD9A100093E8B /* CLStateMachineState.h */ = {isa = PBXFileReference; fileEncoding = 4; lastKnownFileType = sourcecode.c.h; path = CLStateMachineState.h; sourceTree = "<group>"; };
		97882741167AD9A100093E8B /* CLStateMachineState.mm */ = {isa = PBXFileReference; fileEncoding = 4; lastKnownFileType = sourcecode.cpp.objcpp; path = CLStateMachineState.mm; sourceTree = "<group>"; };
		97882743167AD9A100093E8B /* CLUserDefaults.h */ = {isa = PBXFileReference; fileEncoding = 4; lastKnownFileType = sourcecode.c.h; path = CLUserDefaults.h; sourceTree = "<group>"; };
		97882744167AD9A100093E8B /* CLUserDefaults.mm */ = {isa = PBXFileReference; fileEncoding = 4; lastKnownFileType = sourcecode.cpp.objcpp; path = CLUserDefaults.mm; sourceTree = "<group>"; };
		97882745167AD9A100093E8B /* CLUserDefaults_Tests.mm */ = {isa = PBXFileReference; fileEncoding = 4; lastKnownFileType = sourcecode.cpp.objcpp; path = CLUserDefaults_Tests.mm; sourceTree = "<group>"; };
		97882782167AD9D400093E8B /* NSArray+CLCoreExt_Tests.mm */ = {isa = PBXFileReference; fileEncoding = 4; lastKnownFileType = sourcecode.cpp.objcpp; path = "NSArray+CLCoreExt_Tests.mm"; sourceTree = "<group>"; };
		97882783167AD9D400093E8B /* NSMutableDictionary+CLCoreExt_Tests.mm */ = {isa = PBXFileReference; fileEncoding = 4; lastKnownFileType = sourcecode.cpp.objcpp; path = "NSMutableDictionary+CLCoreExt_Tests.mm"; sourceTree = "<group>"; };
		97882784167AD9D400093E8B /* NSObject+CLCoreExt_Tests.mm */ = {isa = PBXFileReference; fileEncoding = 4; lastKnownFileType = sourcecode.cpp.objcpp; path = "NSObject+CLCoreExt_Tests.mm"; sourceTree = "<group>"; };
		97882785167AD9D400093E8B /* NSString+CLCoreExt_Tests.mm */ = {isa = PBXFileReference; fileEncoding = 4; lastKnownFileType = sourcecode.cpp.objcpp; path = "NSString+CLCoreExt_Tests.mm"; sourceTree = "<group>"; };
		97882786167AD9D400093E8B /* NSURL+CLCoreExt_Tests.mm */ = {isa = PBXFileReference; fileEncoding = 4; lastKnownFileType = sourcecode.cpp.objcpp; path = "NSURL+CLCoreExt_Tests.mm"; sourceTree = "<group>"; };
		97882787167AD9D400093E8B /* NSURLRequest+CLCoreExt_Tests.mm */ = {isa = PBXFileReference; fileEncoding = 4; lastKnownFileType = sourcecode.cpp.objcpp; path = "NSURLRequest+CLCoreExt_Tests.mm"; sourceTree = "<group>"; };
		978827AE167B0F1000093E8B /* CLStateMachine.h */ = {isa = PBXFileReference; fileEncoding = 4; lastKnownFileType = sourcecode.c.h; path = CLStateMachine.h; sourceTree = "<group>"; };
		978827AF167B0F1000093E8B /* CLStateMachine.mm */ = {isa = PBXFileReference; fileEncoding = 4; lastKnownFileType = sourcecode.cpp.objcpp; path = CLStateMachine.mm; sourceTree = "<group>"; };
		978DD0F0161A69490046D0C1 /* Clutter.podspec */ = {isa = PBXFileReference; lastKnownFileType = text; path = Clutter.podspec; sourceTree = "<group>"; };
		97BAE23515785AAD00449601 /* SenTestingKit.framework */ = {isa = PBXFileReference; includeInIndex = 1; lastKnownFileType = wrapper.framework; name = SenTestingKit.framework; path = Library/Frameworks/SenTestingKit.framework; sourceTree = DEVELOPER_DIR; };
		97BAE23D15785AAD00449601 /* ClutterTests-Info.plist */ = {isa = PBXFileReference; lastKnownFileType = text.plist.xml; path = "ClutterTests-Info.plist"; sourceTree = "<group>"; };
		97BAE23F15785AAD00449601 /* en */ = {isa = PBXFileReference; lastKnownFileType = text.plist.strings; name = en; path = en.lproj/InfoPlist.strings; sourceTree = "<group>"; };
		97BAE24415785AAD00449601 /* ClutterTests-Prefix.pch */ = {isa = PBXFileReference; lastKnownFileType = sourcecode.c.h; path = "ClutterTests-Prefix.pch"; sourceTree = "<group>"; };
		97C0C329162666B40079AB3D /* CoreImage.framework */ = {isa = PBXFileReference; includeInIndex = 1; lastKnownFileType = wrapper.framework; name = CoreImage.framework; path = System/Library/Frameworks/CoreImage.framework; sourceTree = SDKROOT; };
		97DED4E91633763800568C17 /* _include.c */ = {isa = PBXFileReference; fileEncoding = 4; lastKnownFileType = sourcecode.c.c; path = _include.c; sourceTree = "<group>"; };
		97DED4EB1633764B00568C17 /* _include_.cxx */ = {isa = PBXFileReference; fileEncoding = 4; lastKnownFileType = sourcecode.cpp.cpp; path = _include_.cxx; sourceTree = "<group>"; };
		97DED4EC1633765E00568C17 /* _include_.m */ = {isa = PBXFileReference; fileEncoding = 4; lastKnownFileType = sourcecode.c.objc; path = _include_.m; sourceTree = "<group>"; };
		97DED4ED1633766100568C17 /* _include_.mm */ = {isa = PBXFileReference; fileEncoding = 4; lastKnownFileType = sourcecode.cpp.objcpp; path = _include_.mm; sourceTree = "<group>"; };
		97E5D867159EE5D700D233F3 /* CoreData.framework */ = {isa = PBXFileReference; includeInIndex = 1; lastKnownFileType = wrapper.framework; name = CoreData.framework; path = Platforms/iPhoneOS.platform/Developer/SDKs/iPhoneOS6.0.sdk/System/Library/Frameworks/CoreData.framework; sourceTree = DEVELOPER_DIR; };
		97FF51D11690E77B00880AD0 /* NSDate+CLCoreExt.h */ = {isa = PBXFileReference; fileEncoding = 4; lastKnownFileType = sourcecode.c.h; path = "NSDate+CLCoreExt.h"; sourceTree = "<group>"; };
		97FF51D21690E77B00880AD0 /* NSDate+CLCoreExt.mm */ = {isa = PBXFileReference; fileEncoding = 4; lastKnownFileType = sourcecode.cpp.objcpp; path = "NSDate+CLCoreExt.mm"; sourceTree = "<group>"; };
		97FF51DE1690E8D800880AD0 /* NSDate+CLCoreExt_Tests.mm */ = {isa = PBXFileReference; fileEncoding = 4; lastKnownFileType = sourcecode.cpp.objcpp; path = "NSDate+CLCoreExt_Tests.mm"; sourceTree = "<group>"; };
		CF5EFF166E3D4594AFDF49C0 /* Pods-clutter-osx.xcconfig */ = {isa = PBXFileReference; includeInIndex = 1; lastKnownFileType = text.xcconfig; name = "Pods-clutter-osx.xcconfig"; path = "Pods/Pods-clutter-osx.xcconfig"; sourceTree = SOURCE_ROOT; };
		D89F1EB9F0674CC299478BFA /* libPods-clutter-osx.a */ = {isa = PBXFileReference; explicitFileType = archive.ar; includeInIndex = 0; path = "libPods-clutter-osx.a"; sourceTree = BUILT_PRODUCTS_DIR; };
/* End PBXFileReference section */

/* Begin PBXFrameworksBuildPhase section */
		9701F82E1634DB7C00F831D9 /* Frameworks */ = {
			isa = PBXFrameworksBuildPhase;
			buildActionMask = 2147483647;
			files = (
				9701F96A1634ECF500F831D9 /* libobjc.dylib in Frameworks */,
				9701F9681634EABD00F831D9 /* UIKit.framework in Frameworks */,
				9701F8331634DB7D00F831D9 /* SenTestingKit.framework in Frameworks */,
				61E50424623049C4B67B8FA4 /* libPods-clutter-ios-test-ios.a in Frameworks */,
			);
			runOnlyForDeploymentPostprocessing = 0;
		};
		9701F8441634DB8400F831D9 /* Frameworks */ = {
			isa = PBXFrameworksBuildPhase;
			buildActionMask = 2147483647;
			files = (
				9701F8491634DB8400F831D9 /* SenTestingKit.framework in Frameworks */,
				D91CEE77F1F84D919BA1090F /* libPods-clutter-osx-test-osx.a in Frameworks */,
			);
			runOnlyForDeploymentPostprocessing = 0;
		};
		9701F9041634E6B700F831D9 /* Frameworks */ = {
			isa = PBXFrameworksBuildPhase;
			buildActionMask = 2147483647;
			files = (
				9701F9691634EBD400F831D9 /* libobjc.dylib in Frameworks */,
				9701F90A1634E6B700F831D9 /* Foundation.framework in Frameworks */,
				9701F9091634E6B700F831D9 /* UIKit.framework in Frameworks */,
				9701F9661634E78400F831D9 /* CoreData.framework in Frameworks */,
				9701F9651634E77E00F831D9 /* CoreImage.framework in Frameworks */,
				9701F90B1634E6B700F831D9 /* CoreGraphics.framework in Frameworks */,
				57B0411780504CF2B2010CF4 /* libPods-clutter-ios.a in Frameworks */,
			);
			runOnlyForDeploymentPostprocessing = 0;
		};
		9701F9221634E6BE00F831D9 /* Frameworks */ = {
			isa = PBXFrameworksBuildPhase;
			buildActionMask = 2147483647;
			files = (
				9701F9671634EA3600F831D9 /* Cocoa.framework in Frameworks */,
				9701F96D1634EFE400F831D9 /* QuartzCore.framework in Frameworks */,
				DCB423953788426DA5FC3BCE /* libPods-clutter-osx.a in Frameworks */,
			);
			runOnlyForDeploymentPostprocessing = 0;
		};
/* End PBXFrameworksBuildPhase section */

/* Begin PBXGroup section */
		9701F7DA1634DAC800F831D9 /* Other Frameworks */ = {
			isa = PBXGroup;
			children = (
				9701F7DB1634DAC800F831D9 /* AppKit.framework */,
				9701F7DC1634DAC800F831D9 /* CoreData.framework */,
				9701F7DD1634DAC800F831D9 /* Foundation.framework */,
			);
			name = "Other Frameworks";
			sourceTree = "<group>";
		};
		9701F8361634DB7D00F831D9 /* test-ios */ = {
			isa = PBXGroup;
			children = (
				416CA7E0C25C4E42AC154BAC /* Pods-clutter-ios-test-ios.xcconfig */,
				9701F8371634DB7D00F831D9 /* Supporting Files */,
			);
			path = "test-ios";
			sourceTree = "<group>";
		};
		9701F8371634DB7D00F831D9 /* Supporting Files */ = {
			isa = PBXGroup;
			children = (
				9701F8381634DB7D00F831D9 /* test-ios-Info.plist */,
				9701F8391634DB7D00F831D9 /* InfoPlist.strings */,
				9701F83F1634DB7D00F831D9 /* test-ios-Prefix.pch */,
			);
			name = "Supporting Files";
			sourceTree = "<group>";
		};
		9701F84B1634DB8400F831D9 /* test-osx */ = {
			isa = PBXGroup;
			children = (
				16CE907D5EB247AF9297BA54 /* Pods-clutter-osx-test-osx.xcconfig */,
				9701F84C1634DB8400F831D9 /* Supporting Files */,
			);
			path = "test-osx";
			sourceTree = "<group>";
		};
		9701F84C1634DB8400F831D9 /* Supporting Files */ = {
			isa = PBXGroup;
			children = (
				9701F84D1634DB8400F831D9 /* test-osx-Info.plist */,
				9701F84E1634DB8400F831D9 /* InfoPlist.strings */,
				9701F8541634DB8400F831D9 /* test-osx-Prefix.pch */,
			);
			name = "Supporting Files";
			sourceTree = "<group>";
		};
		9701F90C1634E6B700F831D9 /* clutter-ios */ = {
			isa = PBXGroup;
			children = (
				050683818D4D4DBF980509B0 /* Pods-clutter-ios.xcconfig */,
				9701F9151634E6B700F831D9 /* AppDelegate.h */,
				9701F9161634E6B700F831D9 /* AppDelegate.m */,
				9701F90D1634E6B700F831D9 /* Supporting Files */,
			);
			path = "clutter-ios";
			sourceTree = "<group>";
		};
		9701F90D1634E6B700F831D9 /* Supporting Files */ = {
			isa = PBXGroup;
			children = (
				9701F90E1634E6B700F831D9 /* clutter-ios-Info.plist */,
				9701F90F1634E6B700F831D9 /* InfoPlist.strings */,
				9701F9121634E6B700F831D9 /* main.m */,
				9701F9141634E6B700F831D9 /* clutter-ios-Prefix.pch */,
				9701F9181634E6B700F831D9 /* Default.png */,
				9701F91A1634E6B700F831D9 /* Default@2x.png */,
				9701F91C1634E6B700F831D9 /* Default-568h@2x.png */,
			);
			name = "Supporting Files";
			sourceTree = "<group>";
		};
		9701F9281634E6BE00F831D9 /* clutter-osx */ = {
			isa = PBXGroup;
			children = (
				CF5EFF166E3D4594AFDF49C0 /* Pods-clutter-osx.xcconfig */,
				9701F9341634E6BF00F831D9 /* AppDelegate.h */,
				9701F9351634E6BF00F831D9 /* AppDelegate.m */,
				9701F9371634E6BF00F831D9 /* MainMenu.xib */,
				9701F9291634E6BF00F831D9 /* Supporting Files */,
			);
			path = "clutter-osx";
			sourceTree = "<group>";
		};
		9701F9291634E6BF00F831D9 /* Supporting Files */ = {
			isa = PBXGroup;
			children = (
				9701F92A1634E6BF00F831D9 /* clutter-osx-Info.plist */,
				9701F92B1634E6BF00F831D9 /* InfoPlist.strings */,
				9701F92E1634E6BF00F831D9 /* main.m */,
				9701F9301634E6BF00F831D9 /* clutter-osx-Prefix.pch */,
				9701F9311634E6BF00F831D9 /* Credits.rtf */,
			);
			name = "Supporting Files";
			sourceTree = "<group>";
		};
		9701F96B1634ED9B00F831D9 /* Support */ = {
			isa = PBXGroup;
			children = (
				9701F90C1634E6B700F831D9 /* clutter-ios */,
				9701F9281634E6BE00F831D9 /* clutter-osx */,
				978DD0F0161A69490046D0C1 /* Clutter.podspec */,
				97BAE23415785AAD00449601 /* Frameworks */,
				09FC2F1879B748518CC2CD12 /* Pods.xcconfig */,
				97BAE23315785AAD00449601 /* Products */,
				9701F8361634DB7D00F831D9 /* test-ios */,
				9701F84B1634DB8400F831D9 /* test-osx */,
			);
			name = Support;
			sourceTree = "<group>";
		};
		9710F37C15784F6400BA3FDC = {
			isa = PBXGroup;
			children = (
				9710F3891578507900BA3FDC /* Clutter */,
				97BAE23B15785AAD00449601 /* Tests */,
				9701F96B1634ED9B00F831D9 /* Support */,
				6AABA45803C045BDB85C0F37 /* Pods-clutter-ios.xcconfig */,
				2C534930D7D340FF9FA4752B /* Pods-clutter-osx.xcconfig */,
			);
			sourceTree = "<group>";
		};
		9710F3891578507900BA3FDC /* Clutter */ = {
			isa = PBXGroup;
			children = (
				9788270D167AD9A100093E8B /* Clutter.h */,
				9788270C167AD9A100093E8B /* Clutter_Tests.mm */,
				9788270F167AD9A100093E8B /* ClutterDefines.h */,
				9788270E167AD9A100093E8B /* ClutterDefines_Tests.mm */,
				97882710167AD9A100093E8B /* CoreExt */,
				97882732167AD9A100093E8B /* Error */,
				9788273E167AD9A100093E8B /* StateMachine */,
				97882742167AD9A100093E8B /* UserDefaults */,
			);
			path = Clutter;
			sourceTree = "<group>";
		};
		97882710167AD9A100093E8B /* CoreExt */ = {
			isa = PBXGroup;
			children = (
				97882711167AD9A100093E8B /* CLCoreExt.h */,
				97882712167AD9A100093E8B /* CoreData */,
				97882715167AD9A100093E8B /* CoreImage */,
				97882718167AD9A100093E8B /* Foundation */,
				97882725167AD9A100093E8B /* UIKit */,
			);
			path = CoreExt;
			sourceTree = "<group>";
		};
		97882712167AD9A100093E8B /* CoreData */ = {
			isa = PBXGroup;
			children = (
				97882713167AD9A100093E8B /* NSFetchedResultsController+CLCoreExt.h */,
				97882714167AD9A100093E8B /* NSFetchedResultsController+CLCoreExt.mm */,
			);
			path = CoreData;
			sourceTree = "<group>";
		};
		97882715167AD9A100093E8B /* CoreImage */ = {
			isa = PBXGroup;
			children = (
				97882716167AD9A100093E8B /* CIImage+CLCoreExt.h */,
				97882717167AD9A100093E8B /* CIImage+CLCoreExt.mm */,
			);
			path = CoreImage;
			sourceTree = "<group>";
		};
		97882718167AD9A100093E8B /* Foundation */ = {
			isa = PBXGroup;
			children = (
				97882719167AD9A100093E8B /* NSArray+CLCoreExt.h */,
				9788271A167AD9A100093E8B /* NSArray+CLCoreExt.mm */,
				97882782167AD9D400093E8B /* NSArray+CLCoreExt_Tests.mm */,
				97FF51D11690E77B00880AD0 /* NSDate+CLCoreExt.h */,
				97FF51D21690E77B00880AD0 /* NSDate+CLCoreExt.mm */,
				97FF51DE1690E8D800880AD0 /* NSDate+CLCoreExt_Tests.mm */,
				9788271B167AD9A100093E8B /* NSMutableDictionary+CLCoreExt.h */,
				9788271C167AD9A100093E8B /* NSMutableDictionary+CLCoreExt.mm */,
				97882783167AD9D400093E8B /* NSMutableDictionary+CLCoreExt_Tests.mm */,
				9788271D167AD9A100093E8B /* NSObject+CLCoreExt.h */,
				9788271E167AD9A100093E8B /* NSObject+CLCoreExt.mm */,
				97882784167AD9D400093E8B /* NSObject+CLCoreExt_Tests.mm */,
				9788271F167AD9A100093E8B /* NSString+CLCoreExt.h */,
				97882720167AD9A100093E8B /* NSString+CLCoreExt.mm */,
				97882785167AD9D400093E8B /* NSString+CLCoreExt_Tests.mm */,
				97882721167AD9A100093E8B /* NSURL+CLCoreExt.h */,
				97882722167AD9A100093E8B /* NSURL+CLCoreExt.mm */,
				97882786167AD9D400093E8B /* NSURL+CLCoreExt_Tests.mm */,
				97882723167AD9A100093E8B /* NSURLRequest+CLCoreExt.h */,
				97882724167AD9A100093E8B /* NSURLRequest+CLCoreExt.mm */,
				97882787167AD9D400093E8B /* NSURLRequest+CLCoreExt_Tests.mm */,
			);
			path = Foundation;
			sourceTree = "<group>";
		};
		97882725167AD9A100093E8B /* UIKit */ = {
			isa = PBXGroup;
			children = (
				97882726167AD9A100093E8B /* UIApplication+CLCoreExt.h */,
				97882727167AD9A100093E8B /* UIApplication+CLCoreExt.mm */,
				97882728167AD9A100093E8B /* UIApplication_Tests.mm */,
				97882729167AD9A100093E8B /* UIImage+CLCoreExt.h */,
				9788272A167AD9A100093E8B /* UIImage+CLCoreExt.mm */,
				9788272B167AD9A100093E8B /* UISearchBar+CLCoreExt.h */,
				9788272C167AD9A100093E8B /* UISearchBar+CLCoreExt.mm */,
				9788272D167AD9A100093E8B /* UISegmentedControl+CLCoreExt.h */,
				9788272E167AD9A100093E8B /* UISegmentedControl+CLCoreExt.mm */,
				9788272F167AD9A100093E8B /* UISegmentedControl_Tests.mm */,
				97882730167AD9A100093E8B /* UITableViewCell+CLCoreExt.h */,
				97882731167AD9A100093E8B /* UITableViewCell+CLCoreExt.mm */,
			);
			path = UIKit;
			sourceTree = "<group>";
		};
		97882732167AD9A100093E8B /* Error */ = {
			isa = PBXGroup;
			children = (
				97882733167AD9A100093E8B /* CLError.h */,
				97882734167AD9A100093E8B /* CLError.mm */,
				97882735167AD9A100093E8B /* CLError_Tests.mm */,
				97882736167AD9A100093E8B /* CLErrorCatcher.h */,
				97882737167AD9A100093E8B /* CLErrorCatcher.mm */,
			);
			path = Error;
			sourceTree = "<group>";
		};
		9788273E167AD9A100093E8B /* StateMachine */ = {
			isa = PBXGroup;
			children = (
				978827AE167B0F1000093E8B /* CLStateMachine.h */,
				978827AF167B0F1000093E8B /* CLStateMachine.mm */,
				9788273F167AD9A100093E8B /* CLStateMachine_Tests.mm */,
				97882740167AD9A100093E8B /* CLStateMachineState.h */,
				97882741167AD9A100093E8B /* CLStateMachineState.mm */,
			);
			path = StateMachine;
			sourceTree = "<group>";
		};
		97882742167AD9A100093E8B /* UserDefaults */ = {
			isa = PBXGroup;
			children = (
				97882743167AD9A100093E8B /* CLUserDefaults.h */,
				97882744167AD9A100093E8B /* CLUserDefaults.mm */,
				97882745167AD9A100093E8B /* CLUserDefaults_Tests.mm */,
			);
			path = UserDefaults;
			sourceTree = "<group>";
		};
		97BAE23315785AAD00449601 /* Products */ = {
			isa = PBXGroup;
			children = (
				9701F8321634DB7D00F831D9 /* test-ios.octest */,
				9701F8481634DB8400F831D9 /* test-osx.octest */,
				9701F9071634E6B700F831D9 /* clutter-ios.app */,
				9701F9251634E6BE00F831D9 /* clutter-osx.app */,
			);
			name = Products;
			sourceTree = "<group>";
		};
		97BAE23415785AAD00449601 /* Frameworks */ = {
			isa = PBXGroup;
			children = (
				0B8DF80618E84B5EBE997F1A /* libPods-clutter-ios-test-ios.a */,
				31AC5041AF214F1F8CB48CBD /* libPods-clutter-ios.a */,
				2DADD1AC716644559245C58E /* libPods-clutter-osx-test-osx.a */,
				6F175595A45D454FAE64FEF7 /* libPods-clutter-osx.a */,
				563CE226A06449DA8A7D1047 /* libPods.a */,
				0FD5D96386D64F0D80914733 /* libPods.a */,
				9728F4C015BF7DE600849A6E /* libobjc.dylib */,
				9701F8D91634DFC700F831D9 /* Cocoa.framework */,
				97E5D867159EE5D700D233F3 /* CoreData.framework */,
				977CA87515C0A796009376AD /* CoreGraphics.framework */,
				97C0C329162666B40079AB3D /* CoreImage.framework */,
				977CA87915C0A7A1009376AD /* Foundation.framework */,
				9701F8FE1634E5D600F831D9 /* QuartzCore.framework */,
				9701F8D71634DF8200F831D9 /* QuartzCore.framework */,
				97BAE23515785AAD00449601 /* SenTestingKit.framework */,
				977CA87715C0A79A009376AD /* UIKit.framework */,
				9701F7DA1634DAC800F831D9 /* Other Frameworks */,
				0309C99ACD05437899DC2094 /* libPods-clutter-ios.a */,
				D89F1EB9F0674CC299478BFA /* libPods-clutter-osx.a */,
			);
			name = Frameworks;
			sourceTree = "<group>";
		};
		97BAE23B15785AAD00449601 /* Tests */ = {
			isa = PBXGroup;
			children = (
				97DED4E91633763800568C17 /* _include.c */,
				97DED4EB1633764B00568C17 /* _include_.cxx */,
				97DED4EC1633765E00568C17 /* _include_.m */,
				97DED4ED1633766100568C17 /* _include_.mm */,
				97BAE23C15785AAD00449601 /* Supporting Files */,
			);
			path = Tests;
			sourceTree = "<group>";
		};
		97BAE23C15785AAD00449601 /* Supporting Files */ = {
			isa = PBXGroup;
			children = (
				97BAE23D15785AAD00449601 /* ClutterTests-Info.plist */,
				97BAE23E15785AAD00449601 /* InfoPlist.strings */,
				97BAE24415785AAD00449601 /* ClutterTests-Prefix.pch */,
			);
			name = "Supporting Files";
			sourceTree = "<group>";
		};
/* End PBXGroup section */

/* Begin PBXNativeTarget section */
		9701F8311634DB7C00F831D9 /* test-ios */ = {
			isa = PBXNativeTarget;
			buildConfigurationList = 9701F8401634DB7D00F831D9 /* Build configuration list for PBXNativeTarget "test-ios" */;
			buildPhases = (
				9701F82D1634DB7C00F831D9 /* Sources */,
				9701F82E1634DB7C00F831D9 /* Frameworks */,
				9701F82F1634DB7C00F831D9 /* Resources */,
				9701F8301634DB7C00F831D9 /* ShellScript */,
				13EDE9AAECC64C37898D2F8E /* Copy Pods Resources */,
			);
			buildRules = (
			);
			dependencies = (
				9701F95A1634E6F400F831D9 /* PBXTargetDependency */,
			);
			name = "test-ios";
			productName = "test-ios";
			productReference = 9701F8321634DB7D00F831D9 /* test-ios.octest */;
			productType = "com.apple.product-type.bundle";
		};
		9701F8471634DB8400F831D9 /* test-osx */ = {
			isa = PBXNativeTarget;
			buildConfigurationList = 9701F8551634DB8400F831D9 /* Build configuration list for PBXNativeTarget "test-osx" */;
			buildPhases = (
				9701F8431634DB8400F831D9 /* Sources */,
				9701F8441634DB8400F831D9 /* Frameworks */,
				9701F8451634DB8400F831D9 /* Resources */,
				9701F8461634DB8400F831D9 /* ShellScript */,
				99FA767C4DF742D6A8DE7710 /* Copy Pods Resources */,
			);
			buildRules = (
			);
			dependencies = (
				9701F9601634E70000F831D9 /* PBXTargetDependency */,
			);
			name = "test-osx";
			productName = "test-osx";
			productReference = 9701F8481634DB8400F831D9 /* test-osx.octest */;
			productType = "com.apple.product-type.bundle";
		};
		9701F9061634E6B700F831D9 /* clutter-ios */ = {
			isa = PBXNativeTarget;
			buildConfigurationList = 9701F91E1634E6B700F831D9 /* Build configuration list for PBXNativeTarget "clutter-ios" */;
			buildPhases = (
				9701F9031634E6B700F831D9 /* Sources */,
				9701F9041634E6B700F831D9 /* Frameworks */,
				9701F9051634E6B700F831D9 /* Resources */,
				F766A3621F0242E1AEE8713F /* Copy Pods Resources */,
			);
			buildRules = (
			);
			dependencies = (
				9701F95C1634E6F700F831D9 /* PBXTargetDependency */,
			);
			name = "clutter-ios";
			productName = "clutter-ios";
			productReference = 9701F9071634E6B700F831D9 /* clutter-ios.app */;
			productType = "com.apple.product-type.application";
		};
		9701F9241634E6BE00F831D9 /* clutter-osx */ = {
			isa = PBXNativeTarget;
			buildConfigurationList = 9701F93A1634E6BF00F831D9 /* Build configuration list for PBXNativeTarget "clutter-osx" */;
			buildPhases = (
				9701F9211634E6BE00F831D9 /* Sources */,
				9701F9221634E6BE00F831D9 /* Frameworks */,
				9701F9231634E6BE00F831D9 /* Resources */,
				9758CFA97D6C4EBDBC7F7B93 /* Copy Pods Resources */,
			);
			buildRules = (
			);
			dependencies = (
				9701F95E1634E6FB00F831D9 /* PBXTargetDependency */,
			);
			name = "clutter-osx";
			productName = "clutter-osx";
			productReference = 9701F9251634E6BE00F831D9 /* clutter-osx.app */;
			productType = "com.apple.product-type.application";
		};
/* End PBXNativeTarget section */

/* Begin PBXProject section */
		9710F37E15784F6400BA3FDC /* Project object */ = {
			isa = PBXProject;
			attributes = {
				LastUpgradeCheck = 0450;
				ORGANIZATIONNAME = "Apis Amens";
			};
			buildConfigurationList = 9710F38115784F6400BA3FDC /* Build configuration list for PBXProject "Clutter" */;
			compatibilityVersion = "Xcode 3.2";
			developmentRegion = English;
			hasScannedForEncodings = 0;
			knownRegions = (
				en,
			);
			mainGroup = 9710F37C15784F6400BA3FDC;
			productRefGroup = 97BAE23315785AAD00449601 /* Products */;
			projectDirPath = "";
			projectRoot = "";
			targets = (
				978DD143161AB7DF0046D0C1 /* Prebuild */,
				9701F8311634DB7C00F831D9 /* test-ios */,
				9701F8471634DB8400F831D9 /* test-osx */,
				9701F9061634E6B700F831D9 /* clutter-ios */,
				9701F9241634E6BE00F831D9 /* clutter-osx */,
			);
		};
/* End PBXProject section */

/* Begin PBXResourcesBuildPhase section */
		9701F82F1634DB7C00F831D9 /* Resources */ = {
			isa = PBXResourcesBuildPhase;
			buildActionMask = 2147483647;
			files = (
				9701F83B1634DB7D00F831D9 /* InfoPlist.strings in Resources */,
			);
			runOnlyForDeploymentPostprocessing = 0;
		};
		9701F8451634DB8400F831D9 /* Resources */ = {
			isa = PBXResourcesBuildPhase;
			buildActionMask = 2147483647;
			files = (
				9701F8501634DB8400F831D9 /* InfoPlist.strings in Resources */,
			);
			runOnlyForDeploymentPostprocessing = 0;
		};
		9701F9051634E6B700F831D9 /* Resources */ = {
			isa = PBXResourcesBuildPhase;
			buildActionMask = 2147483647;
			files = (
				9701F9111634E6B700F831D9 /* InfoPlist.strings in Resources */,
				9701F9191634E6B700F831D9 /* Default.png in Resources */,
				9701F91B1634E6B700F831D9 /* Default@2x.png in Resources */,
				9701F91D1634E6B700F831D9 /* Default-568h@2x.png in Resources */,
			);
			runOnlyForDeploymentPostprocessing = 0;
		};
		9701F9231634E6BE00F831D9 /* Resources */ = {
			isa = PBXResourcesBuildPhase;
			buildActionMask = 2147483647;
			files = (
				9701F92D1634E6BF00F831D9 /* InfoPlist.strings in Resources */,
				9701F9331634E6BF00F831D9 /* Credits.rtf in Resources */,
				9701F9391634E6BF00F831D9 /* MainMenu.xib in Resources */,
			);
			runOnlyForDeploymentPostprocessing = 0;
		};
/* End PBXResourcesBuildPhase section */

/* Begin PBXShellScriptBuildPhase section */
		13EDE9AAECC64C37898D2F8E /* Copy Pods Resources */ = {
			isa = PBXShellScriptBuildPhase;
			buildActionMask = 2147483647;
			files = (
			);
			inputPaths = (
			);
			name = "Copy Pods Resources";
			outputPaths = (
			);
			runOnlyForDeploymentPostprocessing = 0;
			shellPath = /bin/sh;
			shellScript = "\"${SRCROOT}/Pods/Pods-clutter-ios-test-ios-resources.sh\"\n";
		};
		9701F8301634DB7C00F831D9 /* ShellScript */ = {
			isa = PBXShellScriptBuildPhase;
			buildActionMask = 2147483647;
			files = (
			);
			inputPaths = (
			);
			outputPaths = (
			);
			runOnlyForDeploymentPostprocessing = 0;
			shellPath = /bin/sh;
			shellScript = "# Run the unit tests in this test bundle.\n\"${SYSTEM_DEVELOPER_DIR}/Tools/RunUnitTests\"\n";
		};
		9701F8461634DB8400F831D9 /* ShellScript */ = {
			isa = PBXShellScriptBuildPhase;
			buildActionMask = 2147483647;
			files = (
			);
			inputPaths = (
			);
			outputPaths = (
			);
			runOnlyForDeploymentPostprocessing = 0;
			shellPath = /bin/sh;
			shellScript = "# Run the unit tests in this test bundle.\n\"${SYSTEM_DEVELOPER_DIR}/Tools/RunUnitTests\"\n";
		};
		9758CFA97D6C4EBDBC7F7B93 /* Copy Pods Resources */ = {
			isa = PBXShellScriptBuildPhase;
			buildActionMask = 2147483647;
			files = (
			);
			inputPaths = (
			);
			name = "Copy Pods Resources";
			outputPaths = (
			);
			runOnlyForDeploymentPostprocessing = 0;
			shellPath = /bin/sh;
			shellScript = "\"${SRCROOT}/Pods/Pods-clutter-osx-resources.sh\"\n";
		};
		978DD147161AB7EB0046D0C1 /* ShellScript */ = {
			isa = PBXShellScriptBuildPhase;
			buildActionMask = 2147483647;
			files = (
			);
			inputPaths = (
			);
			outputPaths = (
			);
			runOnlyForDeploymentPostprocessing = 0;
			shellPath = /bin/sh;
			shellScript = "`ruby -e 'puts Gem.bindir'`/bundle exec rake prebuild";
		};
		99FA767C4DF742D6A8DE7710 /* Copy Pods Resources */ = {
			isa = PBXShellScriptBuildPhase;
			buildActionMask = 2147483647;
			files = (
			);
			inputPaths = (
			);
			name = "Copy Pods Resources";
			outputPaths = (
			);
			runOnlyForDeploymentPostprocessing = 0;
			shellPath = /bin/sh;
			shellScript = "\"${SRCROOT}/Pods/Pods-clutter-osx-test-osx-resources.sh\"\n";
		};
		F766A3621F0242E1AEE8713F /* Copy Pods Resources */ = {
			isa = PBXShellScriptBuildPhase;
			buildActionMask = 2147483647;
			files = (
			);
			inputPaths = (
			);
			name = "Copy Pods Resources";
			outputPaths = (
			);
			runOnlyForDeploymentPostprocessing = 0;
			shellPath = /bin/sh;
			shellScript = "\"${SRCROOT}/Pods/Pods-clutter-ios-resources.sh\"\n";
		};
/* End PBXShellScriptBuildPhase section */

/* Begin PBXSourcesBuildPhase section */
		9701F82D1634DB7C00F831D9 /* Sources */ = {
			isa = PBXSourcesBuildPhase;
			buildActionMask = 2147483647;
			files = (
				9701F89A1634DBE200F831D9 /* _include.c in Sources */,
				9701F89B1634DBE200F831D9 /* _include_.cxx in Sources */,
				9701F8A51634DBE200F831D9 /* _include_.m in Sources */,
				9701F8A91634DBE200F831D9 /* _include_.mm in Sources */,
				978827A1167ADA3000093E8B /* Clutter_Tests.mm in Sources */,
				978827A2167ADA3000093E8B /* ClutterDefines_Tests.mm in Sources */,
				978827A3167ADA3000093E8B /* NSArray+CLCoreExt_Tests.mm in Sources */,
				978827A4167ADA3000093E8B /* NSMutableDictionary+CLCoreExt_Tests.mm in Sources */,
				978827A5167ADA3000093E8B /* NSObject+CLCoreExt_Tests.mm in Sources */,
				978827A6167ADA3000093E8B /* NSString+CLCoreExt_Tests.mm in Sources */,
				978827A7167ADA3000093E8B /* NSURL+CLCoreExt_Tests.mm in Sources */,
				978827A8167ADA3000093E8B /* NSURLRequest+CLCoreExt_Tests.mm in Sources */,
				978827A9167ADA3000093E8B /* UIApplication_Tests.mm in Sources */,
				978827AA167ADA3000093E8B /* UISegmentedControl_Tests.mm in Sources */,
				978827AB167ADA3000093E8B /* CLError_Tests.mm in Sources */,
				978827AC167ADA3000093E8B /* CLStateMachine_Tests.mm in Sources */,
				978827AD167ADA3000093E8B /* CLUserDefaults_Tests.mm in Sources */,
				97FF51DF1690E8D800880AD0 /* NSDate+CLCoreExt_Tests.mm in Sources */,
			);
			runOnlyForDeploymentPostprocessing = 0;
		};
		9701F8431634DB8400F831D9 /* Sources */ = {
			isa = PBXSourcesBuildPhase;
			buildActionMask = 2147483647;
			files = (
				9701F8AA1634DBE200F831D9 /* _include.c in Sources */,
				9701F8AB1634DBE200F831D9 /* _include_.cxx in Sources */,
				9701F8B51634DBE200F831D9 /* _include_.m in Sources */,
				9701F8B91634DBE200F831D9 /* _include_.mm in Sources */,
				97882794167ADA3000093E8B /* Clutter_Tests.mm in Sources */,
				97882795167ADA3000093E8B /* ClutterDefines_Tests.mm in Sources */,
				97882796167ADA3000093E8B /* NSArray+CLCoreExt_Tests.mm in Sources */,
				97882797167ADA3000093E8B /* NSMutableDictionary+CLCoreExt_Tests.mm in Sources */,
				97882798167ADA3000093E8B /* NSObject+CLCoreExt_Tests.mm in Sources */,
				97882799167ADA3000093E8B /* NSString+CLCoreExt_Tests.mm in Sources */,
				9788279A167ADA3000093E8B /* NSURL+CLCoreExt_Tests.mm in Sources */,
				9788279B167ADA3000093E8B /* NSURLRequest+CLCoreExt_Tests.mm in Sources */,
				9788279E167ADA3000093E8B /* CLError_Tests.mm in Sources */,
				9788279F167ADA3000093E8B /* CLStateMachine_Tests.mm in Sources */,
				978827A0167ADA3000093E8B /* CLUserDefaults_Tests.mm in Sources */,
				97FF51E01690E8D800880AD0 /* NSDate+CLCoreExt_Tests.mm in Sources */,
			);
			runOnlyForDeploymentPostprocessing = 0;
		};
		9701F9031634E6B700F831D9 /* Sources */ = {
			isa = PBXSourcesBuildPhase;
			buildActionMask = 2147483647;
			files = (
				9701F9131634E6B700F831D9 /* main.m in Sources */,
				9701F9171634E6B700F831D9 /* AppDelegate.m in Sources */,
				9788274A167AD9A100093E8B /* NSFetchedResultsController+CLCoreExt.mm in Sources */,
				9788274C167AD9A100093E8B /* CIImage+CLCoreExt.mm in Sources */,
				9788274E167AD9A100093E8B /* NSArray+CLCoreExt.mm in Sources */,
				97882750167AD9A100093E8B /* NSMutableDictionary+CLCoreExt.mm in Sources */,
				97882752167AD9A100093E8B /* NSObject+CLCoreExt.mm in Sources */,
				97882754167AD9A100093E8B /* NSString+CLCoreExt.mm in Sources */,
				97882756167AD9A100093E8B /* NSURL+CLCoreExt.mm in Sources */,
				97882758167AD9A100093E8B /* NSURLRequest+CLCoreExt.mm in Sources */,
				9788275A167AD9A100093E8B /* UIApplication+CLCoreExt.mm in Sources */,
				9788275E167AD9A100093E8B /* UIImage+CLCoreExt.mm in Sources */,
				97882760167AD9A100093E8B /* UISearchBar+CLCoreExt.mm in Sources */,
				97882762167AD9A100093E8B /* UISegmentedControl+CLCoreExt.mm in Sources */,
				97882766167AD9A100093E8B /* UITableViewCell+CLCoreExt.mm in Sources */,
				97882768167AD9A100093E8B /* CLError.mm in Sources */,
				9788276C167AD9A100093E8B /* CLErrorCatcher.mm in Sources */,
				9788277C167AD9A100093E8B /* CLStateMachineState.mm in Sources */,
				9788277E167AD9A100093E8B /* CLUserDefaults.mm in Sources */,
				978827B0167B0F1000093E8B /* CLStateMachine.mm in Sources */,
				97FF51D31690E77B00880AD0 /* NSDate+CLCoreExt.mm in Sources */,
			);
			runOnlyForDeploymentPostprocessing = 0;
		};
		9701F9211634E6BE00F831D9 /* Sources */ = {
			isa = PBXSourcesBuildPhase;
			buildActionMask = 2147483647;
			files = (
				9701F92F1634E6BF00F831D9 /* main.m in Sources */,
				9701F9361634E6BF00F831D9 /* AppDelegate.m in Sources */,
				9788274B167AD9A100093E8B /* NSFetchedResultsController+CLCoreExt.mm in Sources */,
				9788274D167AD9A100093E8B /* CIImage+CLCoreExt.mm in Sources */,
				9788274F167AD9A100093E8B /* NSArray+CLCoreExt.mm in Sources */,
				97882751167AD9A100093E8B /* NSMutableDictionary+CLCoreExt.mm in Sources */,
				97882753167AD9A100093E8B /* NSObject+CLCoreExt.mm in Sources */,
				97882755167AD9A100093E8B /* NSString+CLCoreExt.mm in Sources */,
				97882757167AD9A100093E8B /* NSURL+CLCoreExt.mm in Sources */,
				97882759167AD9A100093E8B /* NSURLRequest+CLCoreExt.mm in Sources */,
				97882769167AD9A100093E8B /* CLError.mm in Sources */,
				9788276D167AD9A100093E8B /* CLErrorCatcher.mm in Sources */,
				9788277D167AD9A100093E8B /* CLStateMachineState.mm in Sources */,
				9788277F167AD9A100093E8B /* CLUserDefaults.mm in Sources */,
				978827B1167B0F1000093E8B /* CLStateMachine.mm in Sources */,
				97FF51D41690E77B00880AD0 /* NSDate+CLCoreExt.mm in Sources */,
			);
			runOnlyForDeploymentPostprocessing = 0;
		};
/* End PBXSourcesBuildPhase section */

/* Begin PBXTargetDependency section */
		9701F95A1634E6F400F831D9 /* PBXTargetDependency */ = {
			isa = PBXTargetDependency;
			target = 9701F9061634E6B700F831D9 /* clutter-ios */;
			targetProxy = 9701F9591634E6F400F831D9 /* PBXContainerItemProxy */;
		};
		9701F95C1634E6F700F831D9 /* PBXTargetDependency */ = {
			isa = PBXTargetDependency;
			target = 978DD143161AB7DF0046D0C1 /* Prebuild */;
			targetProxy = 9701F95B1634E6F700F831D9 /* PBXContainerItemProxy */;
		};
		9701F95E1634E6FB00F831D9 /* PBXTargetDependency */ = {
			isa = PBXTargetDependency;
			target = 978DD143161AB7DF0046D0C1 /* Prebuild */;
			targetProxy = 9701F95D1634E6FB00F831D9 /* PBXContainerItemProxy */;
		};
		9701F9601634E70000F831D9 /* PBXTargetDependency */ = {
			isa = PBXTargetDependency;
			target = 9701F9241634E6BE00F831D9 /* clutter-osx */;
			targetProxy = 9701F95F1634E70000F831D9 /* PBXContainerItemProxy */;
		};
/* End PBXTargetDependency section */

/* Begin PBXVariantGroup section */
		9701F8391634DB7D00F831D9 /* InfoPlist.strings */ = {
			isa = PBXVariantGroup;
			children = (
				9701F83A1634DB7D00F831D9 /* en */,
			);
			name = InfoPlist.strings;
			sourceTree = "<group>";
		};
		9701F84E1634DB8400F831D9 /* InfoPlist.strings */ = {
			isa = PBXVariantGroup;
			children = (
				9701F84F1634DB8400F831D9 /* en */,
			);
			name = InfoPlist.strings;
			sourceTree = "<group>";
		};
		9701F90F1634E6B700F831D9 /* InfoPlist.strings */ = {
			isa = PBXVariantGroup;
			children = (
				9701F9101634E6B700F831D9 /* en */,
			);
			name = InfoPlist.strings;
			sourceTree = "<group>";
		};
		9701F92B1634E6BF00F831D9 /* InfoPlist.strings */ = {
			isa = PBXVariantGroup;
			children = (
				9701F92C1634E6BF00F831D9 /* en */,
			);
			name = InfoPlist.strings;
			sourceTree = "<group>";
		};
		9701F9311634E6BF00F831D9 /* Credits.rtf */ = {
			isa = PBXVariantGroup;
			children = (
				9701F9321634E6BF00F831D9 /* en */,
			);
			name = Credits.rtf;
			sourceTree = "<group>";
		};
		9701F9371634E6BF00F831D9 /* MainMenu.xib */ = {
			isa = PBXVariantGroup;
			children = (
				9701F9381634E6BF00F831D9 /* en */,
			);
			name = MainMenu.xib;
			sourceTree = "<group>";
		};
		97BAE23E15785AAD00449601 /* InfoPlist.strings */ = {
			isa = PBXVariantGroup;
			children = (
				97BAE23F15785AAD00449601 /* en */,
			);
			name = InfoPlist.strings;
			sourceTree = "<group>";
		};
/* End PBXVariantGroup section */

/* Begin XCBuildConfiguration section */
		9701F8411634DB7D00F831D9 /* Debug */ = {
			isa = XCBuildConfiguration;
			baseConfigurationReference = 416CA7E0C25C4E42AC154BAC /* Pods-clutter-ios-test-ios.xcconfig */;
			buildSettings = {
				ALWAYS_SEARCH_USER_PATHS = NO;
				BUNDLE_LOADER = "$(BUILT_PRODUCTS_DIR)/clutter-ios.app/clutter-ios";
				CLANG_ENABLE_OBJC_ARC = YES;
				CLANG_WARN_EMPTY_BODY = YES;
				CLANG_WARN__DUPLICATE_METHOD_MATCH = YES;
				COPY_PHASE_STRIP = NO;
				FRAMEWORK_SEARCH_PATHS = (
					"\"$(SDKROOT)/Developer/Library/Frameworks\"",
					"\"$(DEVELOPER_LIBRARY_DIR)/Frameworks\"",
				);
				GCC_DYNAMIC_NO_PIC = NO;
				GCC_OPTIMIZATION_LEVEL = 0;
				GCC_PRECOMPILE_PREFIX_HEADER = YES;
				GCC_PREFIX_HEADER = "test-ios/test-ios-Prefix.pch";
				GCC_PREPROCESSOR_DEFINITIONS = (
					"DEBUG=1",
					"$(inherited)",
				);
				GCC_SYMBOLS_PRIVATE_EXTERN = NO;
				GCC_WARN_ABOUT_RETURN_TYPE = YES;
				GCC_WARN_UNINITIALIZED_AUTOS = YES;
				GCC_WARN_UNUSED_VARIABLE = YES;
				INFOPLIST_FILE = "test-ios/test-ios-Info.plist";
				IPHONEOS_DEPLOYMENT_TARGET = 5.0;
				ONLY_ACTIVE_ARCH = YES;
				PRODUCT_NAME = "$(TARGET_NAME)";
				TEST_HOST = "$(BUNDLE_LOADER)";
				WRAPPER_EXTENSION = octest;
			};
			name = Debug;
		};
		9701F8421634DB7D00F831D9 /* Release */ = {
			isa = XCBuildConfiguration;
			baseConfigurationReference = 416CA7E0C25C4E42AC154BAC /* Pods-clutter-ios-test-ios.xcconfig */;
			buildSettings = {
				ALWAYS_SEARCH_USER_PATHS = NO;
				BUNDLE_LOADER = "$(BUILT_PRODUCTS_DIR)/clutter-ios.app/clutter-ios";
				CLANG_ENABLE_OBJC_ARC = YES;
				CLANG_WARN_EMPTY_BODY = YES;
				CLANG_WARN__DUPLICATE_METHOD_MATCH = YES;
				COPY_PHASE_STRIP = YES;
				FRAMEWORK_SEARCH_PATHS = (
					"\"$(SDKROOT)/Developer/Library/Frameworks\"",
					"\"$(DEVELOPER_LIBRARY_DIR)/Frameworks\"",
				);
				GCC_PRECOMPILE_PREFIX_HEADER = YES;
				GCC_PREFIX_HEADER = "test-ios/test-ios-Prefix.pch";
				GCC_WARN_ABOUT_RETURN_TYPE = YES;
				GCC_WARN_UNINITIALIZED_AUTOS = YES;
				GCC_WARN_UNUSED_VARIABLE = YES;
				INFOPLIST_FILE = "test-ios/test-ios-Info.plist";
				IPHONEOS_DEPLOYMENT_TARGET = 5.0;
				PRODUCT_NAME = "$(TARGET_NAME)";
				TEST_HOST = "$(BUNDLE_LOADER)";
				VALIDATE_PRODUCT = YES;
				WRAPPER_EXTENSION = octest;
			};
			name = Release;
		};
		9701F8561634DB8400F831D9 /* Debug */ = {
			isa = XCBuildConfiguration;
			baseConfigurationReference = 16CE907D5EB247AF9297BA54 /* Pods-clutter-osx-test-osx.xcconfig */;
			buildSettings = {
				ALWAYS_SEARCH_USER_PATHS = NO;
				ARCHS = "$(ARCHS_STANDARD_32_64_BIT)";
				BUNDLE_LOADER = "$(BUILT_PRODUCTS_DIR)/clutter-osx.app/Contents/MacOS/clutter-osx";
				CLANG_ENABLE_OBJC_ARC = YES;
				CLANG_WARN_EMPTY_BODY = YES;
				CLANG_WARN__DUPLICATE_METHOD_MATCH = YES;
				COMBINE_HIDPI_IMAGES = YES;
				COPY_PHASE_STRIP = NO;
				FRAMEWORK_SEARCH_PATHS = "\"$(DEVELOPER_LIBRARY_DIR)/Frameworks\"";
				GCC_DYNAMIC_NO_PIC = NO;
				GCC_ENABLE_OBJC_EXCEPTIONS = YES;
				GCC_OPTIMIZATION_LEVEL = 0;
				GCC_PRECOMPILE_PREFIX_HEADER = YES;
				GCC_PREFIX_HEADER = "test-osx/test-osx-Prefix.pch";
				GCC_PREPROCESSOR_DEFINITIONS = (
					"DEBUG=1",
					"$(inherited)",
				);
				GCC_SYMBOLS_PRIVATE_EXTERN = NO;
				GCC_WARN_64_TO_32_BIT_CONVERSION = YES;
				GCC_WARN_ABOUT_RETURN_TYPE = YES;
				GCC_WARN_UNINITIALIZED_AUTOS = YES;
				GCC_WARN_UNUSED_VARIABLE = YES;
				INFOPLIST_FILE = "test-osx/test-osx-Info.plist";
				MACOSX_DEPLOYMENT_TARGET = 10.8;
				ONLY_ACTIVE_ARCH = YES;
				PRODUCT_NAME = "$(TARGET_NAME)";
				SDKROOT = macosx;
				TEST_HOST = "$(BUNDLE_LOADER)";
				WRAPPER_EXTENSION = octest;
			};
			name = Debug;
		};
		9701F8571634DB8400F831D9 /* Release */ = {
			isa = XCBuildConfiguration;
			baseConfigurationReference = 16CE907D5EB247AF9297BA54 /* Pods-clutter-osx-test-osx.xcconfig */;
			buildSettings = {
				ALWAYS_SEARCH_USER_PATHS = NO;
				ARCHS = "$(ARCHS_STANDARD_32_64_BIT)";
				BUNDLE_LOADER = "$(BUILT_PRODUCTS_DIR)/clutter-osx.app/Contents/MacOS/clutter-osx";
				CLANG_ENABLE_OBJC_ARC = YES;
				CLANG_WARN_EMPTY_BODY = YES;
				CLANG_WARN__DUPLICATE_METHOD_MATCH = YES;
				COMBINE_HIDPI_IMAGES = YES;
				COPY_PHASE_STRIP = YES;
				DEBUG_INFORMATION_FORMAT = "dwarf-with-dsym";
				FRAMEWORK_SEARCH_PATHS = "\"$(DEVELOPER_LIBRARY_DIR)/Frameworks\"";
				GCC_ENABLE_OBJC_EXCEPTIONS = YES;
				GCC_PRECOMPILE_PREFIX_HEADER = YES;
				GCC_PREFIX_HEADER = "test-osx/test-osx-Prefix.pch";
				GCC_WARN_64_TO_32_BIT_CONVERSION = YES;
				GCC_WARN_ABOUT_RETURN_TYPE = YES;
				GCC_WARN_UNINITIALIZED_AUTOS = YES;
				GCC_WARN_UNUSED_VARIABLE = YES;
				INFOPLIST_FILE = "test-osx/test-osx-Info.plist";
				MACOSX_DEPLOYMENT_TARGET = 10.8;
				PRODUCT_NAME = "$(TARGET_NAME)";
				SDKROOT = macosx;
				TEST_HOST = "$(BUNDLE_LOADER)";
				WRAPPER_EXTENSION = octest;
			};
			name = Release;
		};
		9701F91F1634E6B700F831D9 /* Debug */ = {
			isa = XCBuildConfiguration;
			baseConfigurationReference = 6AABA45803C045BDB85C0F37 /* Pods-clutter-ios.xcconfig */;
			buildSettings = {
				CLANG_ENABLE_OBJC_ARC = YES;
				CLANG_WARN_EMPTY_BODY = YES;
				CLANG_WARN__DUPLICATE_METHOD_MATCH = YES;
				CODE_SIGN_IDENTITY = "iPhone Developer";
				"CODE_SIGN_IDENTITY[sdk=iphoneos*]" = "iPhone Developer";
				COPY_PHASE_STRIP = NO;
				GCC_DYNAMIC_NO_PIC = NO;
				GCC_OPTIMIZATION_LEVEL = 0;
				GCC_PRECOMPILE_PREFIX_HEADER = YES;
				GCC_PREFIX_HEADER = "clutter-ios/clutter-ios-Prefix.pch";
				GCC_PREPROCESSOR_DEFINITIONS = (
					"DEBUG=1",
					"$(inherited)",
				);
				GCC_SYMBOLS_PRIVATE_EXTERN = NO;
				GCC_WARN_ABOUT_RETURN_TYPE = YES;
				GCC_WARN_UNINITIALIZED_AUTOS = YES;
				GCC_WARN_UNUSED_VARIABLE = YES;
				INFOPLIST_FILE = "clutter-ios/clutter-ios-Info.plist";
				ONLY_ACTIVE_ARCH = NO;
				PRODUCT_NAME = "$(TARGET_NAME)";
				PROVISIONING_PROFILE = "";
				TARGETED_DEVICE_FAMILY = "1,2";
				WRAPPER_EXTENSION = app;
			};
			name = Debug;
		};
		9701F9201634E6B700F831D9 /* Release */ = {
			isa = XCBuildConfiguration;
			baseConfigurationReference = 6AABA45803C045BDB85C0F37 /* Pods-clutter-ios.xcconfig */;
			buildSettings = {
				CLANG_ENABLE_OBJC_ARC = YES;
				CLANG_WARN_EMPTY_BODY = YES;
				CLANG_WARN__DUPLICATE_METHOD_MATCH = YES;
				CODE_SIGN_IDENTITY = "iPhone Developer";
				"CODE_SIGN_IDENTITY[sdk=iphoneos*]" = "iPhone Developer";
				COPY_PHASE_STRIP = YES;
				GCC_PRECOMPILE_PREFIX_HEADER = YES;
				GCC_PREFIX_HEADER = "clutter-ios/clutter-ios-Prefix.pch";
				GCC_WARN_ABOUT_RETURN_TYPE = YES;
				GCC_WARN_UNINITIALIZED_AUTOS = YES;
				GCC_WARN_UNUSED_VARIABLE = YES;
				INFOPLIST_FILE = "clutter-ios/clutter-ios-Info.plist";
				ONLY_ACTIVE_ARCH = NO;
				OTHER_CFLAGS = "-DNS_BLOCK_ASSERTIONS=1";
				PRODUCT_NAME = "$(TARGET_NAME)";
				PROVISIONING_PROFILE = "";
				TARGETED_DEVICE_FAMILY = "1,2";
				VALIDATE_PRODUCT = YES;
				WRAPPER_EXTENSION = app;
			};
			name = Release;
		};
		9701F93B1634E6BF00F831D9 /* Debug */ = {
			isa = XCBuildConfiguration;
			baseConfigurationReference = 2C534930D7D340FF9FA4752B /* Pods-clutter-osx.xcconfig */;
			buildSettings = {
				ARCHS = "$(ARCHS_STANDARD_32_64_BIT)";
				CLANG_ENABLE_OBJC_ARC = YES;
				CLANG_WARN_EMPTY_BODY = YES;
				CLANG_WARN__DUPLICATE_METHOD_MATCH = YES;
				COMBINE_HIDPI_IMAGES = YES;
				COPY_PHASE_STRIP = NO;
				FRAMEWORK_SEARCH_PATHS = (
					"$(inherited)",
					"\"$(SYSTEM_APPS_DIR)/Xcode.app/Contents/Developer/Library/Frameworks\"",
				);
				GCC_DYNAMIC_NO_PIC = NO;
				GCC_ENABLE_OBJC_EXCEPTIONS = YES;
				GCC_OPTIMIZATION_LEVEL = 0;
				GCC_PRECOMPILE_PREFIX_HEADER = YES;
				GCC_PREFIX_HEADER = "clutter-osx/clutter-osx-Prefix.pch";
				GCC_PREPROCESSOR_DEFINITIONS = (
					"DEBUG=1",
					"$(inherited)",
				);
				GCC_SYMBOLS_PRIVATE_EXTERN = NO;
				GCC_WARN_64_TO_32_BIT_CONVERSION = YES;
				GCC_WARN_ABOUT_RETURN_TYPE = YES;
				GCC_WARN_UNINITIALIZED_AUTOS = YES;
				GCC_WARN_UNUSED_VARIABLE = YES;
				INFOPLIST_FILE = "clutter-osx/clutter-osx-Info.plist";
				MACOSX_DEPLOYMENT_TARGET = 10.8;
				ONLY_ACTIVE_ARCH = YES;
				OTHER_LDFLAGS = "$(inherited)";
				PRODUCT_NAME = "$(TARGET_NAME)";
				SDKROOT = macosx;
				WRAPPER_EXTENSION = app;
			};
			name = Debug;
		};
		9701F93C1634E6BF00F831D9 /* Release */ = {
			isa = XCBuildConfiguration;
			baseConfigurationReference = 2C534930D7D340FF9FA4752B /* Pods-clutter-osx.xcconfig */;
			buildSettings = {
				ARCHS = "$(ARCHS_STANDARD_32_64_BIT)";
				CLANG_ENABLE_OBJC_ARC = YES;
				CLANG_WARN_EMPTY_BODY = YES;
				CLANG_WARN__DUPLICATE_METHOD_MATCH = YES;
				COMBINE_HIDPI_IMAGES = YES;
				COPY_PHASE_STRIP = YES;
				DEBUG_INFORMATION_FORMAT = "dwarf-with-dsym";
				FRAMEWORK_SEARCH_PATHS = (
					"$(inherited)",
					"\"$(SYSTEM_APPS_DIR)/Xcode.app/Contents/Developer/Library/Frameworks\"",
				);
				GCC_ENABLE_OBJC_EXCEPTIONS = YES;
				GCC_PRECOMPILE_PREFIX_HEADER = YES;
				GCC_PREFIX_HEADER = "clutter-osx/clutter-osx-Prefix.pch";
				GCC_WARN_64_TO_32_BIT_CONVERSION = YES;
				GCC_WARN_ABOUT_RETURN_TYPE = YES;
				GCC_WARN_UNINITIALIZED_AUTOS = YES;
				GCC_WARN_UNUSED_VARIABLE = YES;
				INFOPLIST_FILE = "clutter-osx/clutter-osx-Info.plist";
				MACOSX_DEPLOYMENT_TARGET = 10.8;
				OTHER_LDFLAGS = "$(inherited)";
				PRODUCT_NAME = "$(TARGET_NAME)";
				SDKROOT = macosx;
				WRAPPER_EXTENSION = app;
			};
			name = Release;
		};
		9710F38315784F6400BA3FDC /* Debug */ = {
			isa = XCBuildConfiguration;
			buildSettings = {
				CLANG_CXX_LANGUAGE_STANDARD = "gnu++0x";
				CLANG_CXX_LIBRARY = "libc++";
				GCC_C_LANGUAGE_STANDARD = gnu99;
				INFOPLIST_PREFIX_HEADER = Info.plist.h;
				INFOPLIST_PREPROCESS = YES;
				IPHONEOS_DEPLOYMENT_TARGET = 5.0;
				SDKROOT = iphoneos;
				VERSIONING_SYSTEM = "apple-generic";
				WARNING_CFLAGS = "-Wdocumentation";
			};
			name = Debug;
		};
		9710F38415784F6400BA3FDC /* Release */ = {
			isa = XCBuildConfiguration;
			buildSettings = {
				CLANG_CXX_LANGUAGE_STANDARD = "gnu++0x";
				CLANG_CXX_LIBRARY = "libc++";
				GCC_C_LANGUAGE_STANDARD = gnu99;
				INFOPLIST_PREFIX_HEADER = Info.plist.h;
				INFOPLIST_PREPROCESS = YES;
				IPHONEOS_DEPLOYMENT_TARGET = 5.0;
				SDKROOT = iphoneos;
				VERSIONING_SYSTEM = "apple-generic";
				WARNING_CFLAGS = "-Wdocumentation";
			};
			name = Release;
		};
		978DD145161AB7DF0046D0C1 /* Debug */ = {
			isa = XCBuildConfiguration;
			buildSettings = {
				PRODUCT_NAME = "$(TARGET_NAME)";
			};
			name = Debug;
		};
		978DD146161AB7DF0046D0C1 /* Release */ = {
			isa = XCBuildConfiguration;
			buildSettings = {
				PRODUCT_NAME = "$(TARGET_NAME)";
			};
			name = Release;
		};
/* End XCBuildConfiguration section */

/* Begin XCConfigurationList section */
		9701F8401634DB7D00F831D9 /* Build configuration list for PBXNativeTarget "test-ios" */ = {
			isa = XCConfigurationList;
			buildConfigurations = (
				9701F8411634DB7D00F831D9 /* Debug */,
				9701F8421634DB7D00F831D9 /* Release */,
			);
			defaultConfigurationIsVisible = 0;
			defaultConfigurationName = Release;
		};
		9701F8551634DB8400F831D9 /* Build configuration list for PBXNativeTarget "test-osx" */ = {
			isa = XCConfigurationList;
			buildConfigurations = (
				9701F8561634DB8400F831D9 /* Debug */,
				9701F8571634DB8400F831D9 /* Release */,
			);
			defaultConfigurationIsVisible = 0;
			defaultConfigurationName = Release;
		};
		9701F91E1634E6B700F831D9 /* Build configuration list for PBXNativeTarget "clutter-ios" */ = {
			isa = XCConfigurationList;
			buildConfigurations = (
				9701F91F1634E6B700F831D9 /* Debug */,
				9701F9201634E6B700F831D9 /* Release */,
			);
			defaultConfigurationIsVisible = 0;
			defaultConfigurationName = Release;
		};
		9701F93A1634E6BF00F831D9 /* Build configuration list for PBXNativeTarget "clutter-osx" */ = {
			isa = XCConfigurationList;
			buildConfigurations = (
				9701F93B1634E6BF00F831D9 /* Debug */,
				9701F93C1634E6BF00F831D9 /* Release */,
			);
			defaultConfigurationIsVisible = 0;
			defaultConfigurationName = Release;
		};
		9710F38115784F6400BA3FDC /* Build configuration list for PBXProject "Clutter" */ = {
			isa = XCConfigurationList;
			buildConfigurations = (
				9710F38315784F6400BA3FDC /* Debug */,
				9710F38415784F6400BA3FDC /* Release */,
			);
			defaultConfigurationIsVisible = 0;
			defaultConfigurationName = Release;
		};
		978DD144161AB7DF0046D0C1 /* Build configuration list for PBXAggregateTarget "Prebuild" */ = {
			isa = XCConfigurationList;
			buildConfigurations = (
				978DD145161AB7DF0046D0C1 /* Debug */,
				978DD146161AB7DF0046D0C1 /* Release */,
			);
			defaultConfigurationIsVisible = 0;
			defaultConfigurationName = Release;
		};
/* End XCConfigurationList section */
	};
	rootObject = 9710F37E15784F6400BA3FDC /* Project object */;
}
