// !$*UTF8*$!
{
	archiveVersion = 1;
	classes = {
	};
	objectVersion = 46;
	objects = {

/* Begin PBXBuildFile section */
		9728F4C115BF7DE600849A6E /* libobjc.dylib in Frameworks */ = {isa = PBXBuildFile; fileRef = 9728F4C015BF7DE600849A6E /* libobjc.dylib */; };
		972D4A8C15BF74AC006B8AD9 /* TestNSObject.m in Sources */ = {isa = PBXBuildFile; fileRef = 972D4A8B15BF74AC006B8AD9 /* TestNSObject.m */; };
		977CA87C15C0A819009376AD /* UIKit.framework in Frameworks */ = {isa = PBXBuildFile; fileRef = 977CA87715C0A79A009376AD /* UIKit.framework */; };
		977CA87D15C0A851009376AD /* UIKit.framework in Frameworks */ = {isa = PBXBuildFile; fileRef = 977CA87715C0A79A009376AD /* UIKit.framework */; };
		977CA88015C0A8CE009376AD /* NSArray+ClutterAdditions.m in Sources */ = {isa = PBXBuildFile; fileRef = 97E5D849159EDC8900D233F3 /* NSArray+ClutterAdditions.m */; };
		977CA88115C0A8CE009376AD /* NSFetchedResultsController+ClutterAdditions.m in Sources */ = {isa = PBXBuildFile; fileRef = 97E5D85B159EE15E00D233F3 /* NSFetchedResultsController+ClutterAdditions.m */; };
		977CA88215C0A8CE009376AD /* NSObject+ClutterAdditions.m in Sources */ = {isa = PBXBuildFile; fileRef = 97C93E1015BF2C66005A47D6 /* NSObject+ClutterAdditions.m */; };
		977CA88315C0A8CE009376AD /* NSString+ClutterAdditions.m in Sources */ = {isa = PBXBuildFile; fileRef = 97E5D837159EC49600D233F3 /* NSString+ClutterAdditions.m */; };
		977CA88415C0A8CE009376AD /* NSURL+ClutterAdditions.m in Sources */ = {isa = PBXBuildFile; fileRef = 97E5D83D159ECF1700D233F3 /* NSURL+ClutterAdditions.m */; };
		977CA88515C0A8CE009376AD /* NSURLRequest+ClutterAdditions.m in Sources */ = {isa = PBXBuildFile; fileRef = 97E5D843159ED43A00D233F3 /* NSURLRequest+ClutterAdditions.m */; };
		977CA88615C0A8CE009376AD /* UIImage+ClutterAdditions.m in Sources */ = {isa = PBXBuildFile; fileRef = 97E5D86B159EE68900D233F3 /* UIImage+ClutterAdditions.m */; };
		977CA88715C0A8CE009376AD /* UISearchBar+ClutterAdditions.m in Sources */ = {isa = PBXBuildFile; fileRef = 97E5D860159EE2F900D233F3 /* UISearchBar+ClutterAdditions.m */; };
		977CA88815C0A8CE009376AD /* UISegmentedControl+ClutterAdditions.m in Sources */ = {isa = PBXBuildFile; fileRef = 9710F38C1578508C00BA3FDC /* UISegmentedControl+ClutterAdditions.m */; };
		9797693115C3675100440B43 /* UIApplication+ClutterAdditions.m in Sources */ = {isa = PBXBuildFile; fileRef = 9797693015C3675100440B43 /* UIApplication+ClutterAdditions.m */; };
		9797693415C385A800440B43 /* TestUIApplication.m in Sources */ = {isa = PBXBuildFile; fileRef = 9797693315C385A800440B43 /* TestUIApplication.m */; };
		97A74F9F15792FAE00C093EF /* TestMacros.m in Sources */ = {isa = PBXBuildFile; fileRef = 97A74F9E15792FAE00C093EF /* TestMacros.m */; };
		97BAE23615785AAD00449601 /* SenTestingKit.framework in Frameworks */ = {isa = PBXBuildFile; fileRef = 97BAE23515785AAD00449601 /* SenTestingKit.framework */; };
		97BAE24015785AAD00449601 /* InfoPlist.strings in Resources */ = {isa = PBXBuildFile; fileRef = 97BAE23E15785AAD00449601 /* InfoPlist.strings */; };
		97BAE25615785CCD00449601 /* TestClutter.m in Sources */ = {isa = PBXBuildFile; fileRef = 97BAE25515785CCD00449601 /* TestClutter.m */; };
		97C519C015F9399600424734 /* UITableViewCell+ClutterAdditions.m in Sources */ = {isa = PBXBuildFile; fileRef = 97C519BF15F9399600424734 /* UITableViewCell+ClutterAdditions.m */; };
		97E5D802159E820900D233F3 /* TestUISegmentedControl.m in Sources */ = {isa = PBXBuildFile; fileRef = 97E5D801159E820900D233F3 /* TestUISegmentedControl.m */; };
		97E5D828159E88B100D233F3 /* InfoPlist.strings in Resources */ = {isa = PBXBuildFile; fileRef = 97E5D826159E88B100D233F3 /* InfoPlist.strings */; };
		97E5D82A159E88B100D233F3 /* main.m in Sources */ = {isa = PBXBuildFile; fileRef = 97E5D829159E88B100D233F3 /* main.m */; };
		97E5D82E159E88B100D233F3 /* AppDelegate.m in Sources */ = {isa = PBXBuildFile; fileRef = 97E5D82D159E88B100D233F3 /* AppDelegate.m */; };
		97E5D83B159EC81E00D233F3 /* TestNSString.m in Sources */ = {isa = PBXBuildFile; fileRef = 97E5D83A159EC81E00D233F3 /* TestNSString.m */; };
		97E5D841159ED0E000D233F3 /* TestNSURL.m in Sources */ = {isa = PBXBuildFile; fileRef = 97E5D840159ED0E000D233F3 /* TestNSURL.m */; };
		97E5D847159ED44C00D233F3 /* TestNSURLRequest.m in Sources */ = {isa = PBXBuildFile; fileRef = 97E5D846159ED44C00D233F3 /* TestNSURLRequest.m */; };
		97E5D84D159EDD3800D233F3 /* TestNSArray.m in Sources */ = {isa = PBXBuildFile; fileRef = 97E5D84C159EDD3800D233F3 /* TestNSArray.m */; };
		97E5D868159EE5D700D233F3 /* CoreData.framework in Frameworks */ = {isa = PBXBuildFile; fileRef = 97E5D867159EE5D700D233F3 /* CoreData.framework */; };
		97E5D869159EE5FB00D233F3 /* CoreData.framework in Frameworks */ = {isa = PBXBuildFile; fileRef = 97E5D867159EE5D700D233F3 /* CoreData.framework */; };
		EAC26605AA314545A862DE2F /* libPods-ClutterTests.a in Frameworks */ = {isa = PBXBuildFile; fileRef = FECA3C4CEBD64036BFDA7824 /* libPods-ClutterTests.a */; };
/* End PBXBuildFile section */

/* Begin PBXContainerItemProxy section */
		977CA87E15C0A8C7009376AD /* PBXContainerItemProxy */ = {
			isa = PBXContainerItemProxy;
			containerPortal = 9710F37E15784F6400BA3FDC /* Project object */;
			proxyType = 1;
			remoteGlobalIDString = 97E5D81C159E88B100D233F3;
			remoteInfo = ClutterApp;
		};
/* End PBXContainerItemProxy section */

/* Begin PBXFileReference section */
		09FC2F1879B748518CC2CD12 /* Pods.xcconfig */ = {isa = PBXFileReference; lastKnownFileType = text.xcconfig; name = Pods.xcconfig; path = Pods/Pods.xcconfig; sourceTree = SOURCE_ROOT; };
		3F3CA5434F8442CBBB929C68 /* Pods-ClutterTests.xcconfig */ = {isa = PBXFileReference; includeInIndex = 1; lastKnownFileType = text.xcconfig; name = "Pods-ClutterTests.xcconfig"; path = "Pods/Pods-ClutterTests.xcconfig"; sourceTree = SOURCE_ROOT; };
		563CE226A06449DA8A7D1047 /* libPods.a */ = {isa = PBXFileReference; explicitFileType = archive.ar; includeInIndex = 0; path = libPods.a; sourceTree = BUILT_PRODUCTS_DIR; };
		9710F38515784F7B00BA3FDC /* Clutter.h */ = {isa = PBXFileReference; lastKnownFileType = sourcecode.c.h; name = Clutter.h; path = Clutter/Clutter.h; sourceTree = "<group>"; };
		9710F38A1578508C00BA3FDC /* ClutterMacros.h */ = {isa = PBXFileReference; lastKnownFileType = sourcecode.c.h; name = ClutterMacros.h; path = Clutter/ClutterMacros.h; sourceTree = "<group>"; };
		9710F38B1578508C00BA3FDC /* UISegmentedControl+ClutterAdditions.h */ = {isa = PBXFileReference; lastKnownFileType = sourcecode.c.h; name = "UISegmentedControl+ClutterAdditions.h"; path = "Clutter/UISegmentedControl+ClutterAdditions.h"; sourceTree = "<group>"; };
		9710F38C1578508C00BA3FDC /* UISegmentedControl+ClutterAdditions.m */ = {isa = PBXFileReference; lastKnownFileType = sourcecode.c.objc; name = "UISegmentedControl+ClutterAdditions.m"; path = "Clutter/UISegmentedControl+ClutterAdditions.m"; sourceTree = "<group>"; };
		9728F4C015BF7DE600849A6E /* libobjc.dylib */ = {isa = PBXFileReference; lastKnownFileType = "compiled.mach-o.dylib"; name = libobjc.dylib; path = Platforms/iPhoneOS.platform/Developer/SDKs/iPhoneOS6.0.sdk/usr/lib/libobjc.dylib; sourceTree = DEVELOPER_DIR; };
		972D4A8B15BF74AC006B8AD9 /* TestNSObject.m */ = {isa = PBXFileReference; fileEncoding = 4; lastKnownFileType = sourcecode.c.objc; path = TestNSObject.m; sourceTree = "<group>"; };
		977CA87515C0A796009376AD /* CoreGraphics.framework */ = {isa = PBXFileReference; lastKnownFileType = wrapper.framework; name = CoreGraphics.framework; path = Platforms/iPhoneOS.platform/Developer/SDKs/iPhoneOS6.0.sdk/System/Library/Frameworks/CoreGraphics.framework; sourceTree = DEVELOPER_DIR; };
		977CA87715C0A79A009376AD /* UIKit.framework */ = {isa = PBXFileReference; lastKnownFileType = wrapper.framework; name = UIKit.framework; path = Platforms/iPhoneOS.platform/Developer/SDKs/iPhoneOS6.0.sdk/System/Library/Frameworks/UIKit.framework; sourceTree = DEVELOPER_DIR; };
		977CA87915C0A7A1009376AD /* Foundation.framework */ = {isa = PBXFileReference; lastKnownFileType = wrapper.framework; name = Foundation.framework; path = Platforms/iPhoneOS.platform/Developer/SDKs/iPhoneOS6.0.sdk/System/Library/Frameworks/Foundation.framework; sourceTree = DEVELOPER_DIR; };
		9797692F15C3675100440B43 /* UIApplication+ClutterAdditions.h */ = {isa = PBXFileReference; fileEncoding = 4; lastKnownFileType = sourcecode.c.h; name = "UIApplication+ClutterAdditions.h"; path = "Clutter/UIApplication+ClutterAdditions.h"; sourceTree = "<group>"; };
		9797693015C3675100440B43 /* UIApplication+ClutterAdditions.m */ = {isa = PBXFileReference; fileEncoding = 4; lastKnownFileType = sourcecode.c.objc; name = "UIApplication+ClutterAdditions.m"; path = "Clutter/UIApplication+ClutterAdditions.m"; sourceTree = "<group>"; };
		9797693315C385A800440B43 /* TestUIApplication.m */ = {isa = PBXFileReference; fileEncoding = 4; lastKnownFileType = sourcecode.c.objc; path = TestUIApplication.m; sourceTree = "<group>"; };
		97A74F9E15792FAE00C093EF /* TestMacros.m */ = {isa = PBXFileReference; fileEncoding = 4; lastKnownFileType = sourcecode.c.objc; path = TestMacros.m; sourceTree = "<group>"; };
		97BAE23215785AAD00449601 /* ClutterTests.octest */ = {isa = PBXFileReference; explicitFileType = wrapper.cfbundle; includeInIndex = 0; path = ClutterTests.octest; sourceTree = BUILT_PRODUCTS_DIR; };
		97BAE23515785AAD00449601 /* SenTestingKit.framework */ = {isa = PBXFileReference; includeInIndex = 1; lastKnownFileType = wrapper.framework; name = SenTestingKit.framework; path = Library/Frameworks/SenTestingKit.framework; sourceTree = DEVELOPER_DIR; };
		97BAE23D15785AAD00449601 /* ClutterTests-Info.plist */ = {isa = PBXFileReference; lastKnownFileType = text.plist.xml; path = "ClutterTests-Info.plist"; sourceTree = "<group>"; };
		97BAE23F15785AAD00449601 /* en */ = {isa = PBXFileReference; lastKnownFileType = text.plist.strings; name = en; path = en.lproj/InfoPlist.strings; sourceTree = "<group>"; };
		97BAE24415785AAD00449601 /* ClutterTests-Prefix.pch */ = {isa = PBXFileReference; lastKnownFileType = sourcecode.c.h; path = "ClutterTests-Prefix.pch"; sourceTree = "<group>"; };
		97BAE25515785CCD00449601 /* TestClutter.m */ = {isa = PBXFileReference; fileEncoding = 4; lastKnownFileType = sourcecode.c.objc; path = TestClutter.m; sourceTree = "<group>"; };
		97C519BE15F9399600424734 /* UITableViewCell+ClutterAdditions.h */ = {isa = PBXFileReference; fileEncoding = 4; lastKnownFileType = sourcecode.c.h; name = "UITableViewCell+ClutterAdditions.h"; path = "Clutter/UITableViewCell+ClutterAdditions.h"; sourceTree = "<group>"; };
		97C519BF15F9399600424734 /* UITableViewCell+ClutterAdditions.m */ = {isa = PBXFileReference; fileEncoding = 4; lastKnownFileType = sourcecode.c.objc; name = "UITableViewCell+ClutterAdditions.m"; path = "Clutter/UITableViewCell+ClutterAdditions.m"; sourceTree = "<group>"; };
		97C93E0F15BF2C66005A47D6 /* NSObject+ClutterAdditions.h */ = {isa = PBXFileReference; fileEncoding = 4; lastKnownFileType = sourcecode.c.h; name = "NSObject+ClutterAdditions.h"; path = "Clutter/NSObject+ClutterAdditions.h"; sourceTree = "<group>"; };
		97C93E1015BF2C66005A47D6 /* NSObject+ClutterAdditions.m */ = {isa = PBXFileReference; fileEncoding = 4; lastKnownFileType = sourcecode.c.objc; name = "NSObject+ClutterAdditions.m"; path = "Clutter/NSObject+ClutterAdditions.m"; sourceTree = "<group>"; };
		97E5D801159E820900D233F3 /* TestUISegmentedControl.m */ = {isa = PBXFileReference; fileEncoding = 4; lastKnownFileType = sourcecode.c.objc; path = TestUISegmentedControl.m; sourceTree = "<group>"; };
		97E5D81D159E88B100D233F3 /* ClutterApp.app */ = {isa = PBXFileReference; explicitFileType = wrapper.application; includeInIndex = 0; path = ClutterApp.app; sourceTree = BUILT_PRODUCTS_DIR; };
		97E5D825159E88B100D233F3 /* ClutterApp-Info.plist */ = {isa = PBXFileReference; lastKnownFileType = text.plist.xml; path = "ClutterApp-Info.plist"; sourceTree = "<group>"; };
		97E5D827159E88B100D233F3 /* en */ = {isa = PBXFileReference; lastKnownFileType = text.plist.strings; name = en; path = en.lproj/InfoPlist.strings; sourceTree = "<group>"; };
		97E5D829159E88B100D233F3 /* main.m */ = {isa = PBXFileReference; lastKnownFileType = sourcecode.c.objc; path = main.m; sourceTree = "<group>"; };
		97E5D82B159E88B100D233F3 /* ClutterApp-Prefix.pch */ = {isa = PBXFileReference; lastKnownFileType = sourcecode.c.h; path = "ClutterApp-Prefix.pch"; sourceTree = "<group>"; };
		97E5D82C159E88B100D233F3 /* AppDelegate.h */ = {isa = PBXFileReference; lastKnownFileType = sourcecode.c.h; path = AppDelegate.h; sourceTree = "<group>"; };
		97E5D82D159E88B100D233F3 /* AppDelegate.m */ = {isa = PBXFileReference; lastKnownFileType = sourcecode.c.objc; path = AppDelegate.m; sourceTree = "<group>"; };
		97E5D836159EC49600D233F3 /* NSString+ClutterAdditions.h */ = {isa = PBXFileReference; fileEncoding = 4; lastKnownFileType = sourcecode.c.h; name = "NSString+ClutterAdditions.h"; path = "Clutter/NSString+ClutterAdditions.h"; sourceTree = "<group>"; };
		97E5D837159EC49600D233F3 /* NSString+ClutterAdditions.m */ = {isa = PBXFileReference; fileEncoding = 4; lastKnownFileType = sourcecode.c.objc; name = "NSString+ClutterAdditions.m"; path = "Clutter/NSString+ClutterAdditions.m"; sourceTree = "<group>"; };
		97E5D83A159EC81E00D233F3 /* TestNSString.m */ = {isa = PBXFileReference; fileEncoding = 4; lastKnownFileType = sourcecode.c.objc; path = TestNSString.m; sourceTree = "<group>"; };
		97E5D83C159ECF1700D233F3 /* NSURL+ClutterAdditions.h */ = {isa = PBXFileReference; fileEncoding = 4; lastKnownFileType = sourcecode.c.h; name = "NSURL+ClutterAdditions.h"; path = "Clutter/NSURL+ClutterAdditions.h"; sourceTree = "<group>"; };
		97E5D83D159ECF1700D233F3 /* NSURL+ClutterAdditions.m */ = {isa = PBXFileReference; fileEncoding = 4; lastKnownFileType = sourcecode.c.objc; name = "NSURL+ClutterAdditions.m"; path = "Clutter/NSURL+ClutterAdditions.m"; sourceTree = "<group>"; };
		97E5D840159ED0E000D233F3 /* TestNSURL.m */ = {isa = PBXFileReference; fileEncoding = 4; lastKnownFileType = sourcecode.c.objc; path = TestNSURL.m; sourceTree = "<group>"; };
		97E5D842159ED43A00D233F3 /* NSURLRequest+ClutterAdditions.h */ = {isa = PBXFileReference; fileEncoding = 4; lastKnownFileType = sourcecode.c.h; name = "NSURLRequest+ClutterAdditions.h"; path = "Clutter/NSURLRequest+ClutterAdditions.h"; sourceTree = "<group>"; };
		97E5D843159ED43A00D233F3 /* NSURLRequest+ClutterAdditions.m */ = {isa = PBXFileReference; fileEncoding = 4; lastKnownFileType = sourcecode.c.objc; name = "NSURLRequest+ClutterAdditions.m"; path = "Clutter/NSURLRequest+ClutterAdditions.m"; sourceTree = "<group>"; };
		97E5D846159ED44C00D233F3 /* TestNSURLRequest.m */ = {isa = PBXFileReference; fileEncoding = 4; lastKnownFileType = sourcecode.c.objc; path = TestNSURLRequest.m; sourceTree = "<group>"; };
		97E5D848159EDC8900D233F3 /* NSArray+ClutterAdditions.h */ = {isa = PBXFileReference; fileEncoding = 4; lastKnownFileType = sourcecode.c.h; name = "NSArray+ClutterAdditions.h"; path = "Clutter/NSArray+ClutterAdditions.h"; sourceTree = "<group>"; };
		97E5D849159EDC8900D233F3 /* NSArray+ClutterAdditions.m */ = {isa = PBXFileReference; fileEncoding = 4; lastKnownFileType = sourcecode.c.objc; name = "NSArray+ClutterAdditions.m"; path = "Clutter/NSArray+ClutterAdditions.m"; sourceTree = "<group>"; };
		97E5D84C159EDD3800D233F3 /* TestNSArray.m */ = {isa = PBXFileReference; fileEncoding = 4; lastKnownFileType = sourcecode.c.objc; path = TestNSArray.m; sourceTree = "<group>"; };
		97E5D85A159EE15E00D233F3 /* NSFetchedResultsController+ClutterAdditions.h */ = {isa = PBXFileReference; fileEncoding = 4; lastKnownFileType = sourcecode.c.h; name = "NSFetchedResultsController+ClutterAdditions.h"; path = "Clutter/NSFetchedResultsController+ClutterAdditions.h"; sourceTree = "<group>"; };
		97E5D85B159EE15E00D233F3 /* NSFetchedResultsController+ClutterAdditions.m */ = {isa = PBXFileReference; fileEncoding = 4; lastKnownFileType = sourcecode.c.objc; name = "NSFetchedResultsController+ClutterAdditions.m"; path = "Clutter/NSFetchedResultsController+ClutterAdditions.m"; sourceTree = "<group>"; };
		97E5D85F159EE2F900D233F3 /* UISearchBar+ClutterAdditions.h */ = {isa = PBXFileReference; fileEncoding = 4; lastKnownFileType = sourcecode.c.h; name = "UISearchBar+ClutterAdditions.h"; path = "Clutter/UISearchBar+ClutterAdditions.h"; sourceTree = "<group>"; };
		97E5D860159EE2F900D233F3 /* UISearchBar+ClutterAdditions.m */ = {isa = PBXFileReference; fileEncoding = 4; lastKnownFileType = sourcecode.c.objc; name = "UISearchBar+ClutterAdditions.m"; path = "Clutter/UISearchBar+ClutterAdditions.m"; sourceTree = "<group>"; };
		97E5D867159EE5D700D233F3 /* CoreData.framework */ = {isa = PBXFileReference; lastKnownFileType = wrapper.framework; name = CoreData.framework; path = Platforms/iPhoneOS.platform/Developer/SDKs/iPhoneOS6.0.sdk/System/Library/Frameworks/CoreData.framework; sourceTree = DEVELOPER_DIR; };
		97E5D86A159EE68900D233F3 /* UIImage+ClutterAdditions.h */ = {isa = PBXFileReference; fileEncoding = 4; lastKnownFileType = sourcecode.c.h; name = "UIImage+ClutterAdditions.h"; path = "Clutter/UIImage+ClutterAdditions.h"; sourceTree = "<group>"; };
		97E5D86B159EE68900D233F3 /* UIImage+ClutterAdditions.m */ = {isa = PBXFileReference; fileEncoding = 4; lastKnownFileType = sourcecode.c.objc; name = "UIImage+ClutterAdditions.m"; path = "Clutter/UIImage+ClutterAdditions.m"; sourceTree = "<group>"; };
		FECA3C4CEBD64036BFDA7824 /* libPods-ClutterTests.a */ = {isa = PBXFileReference; explicitFileType = archive.ar; includeInIndex = 0; path = "libPods-ClutterTests.a"; sourceTree = BUILT_PRODUCTS_DIR; };
/* End PBXFileReference section */

/* Begin PBXFrameworksBuildPhase section */
		97BAE22E15785AAD00449601 /* Frameworks */ = {
			isa = PBXFrameworksBuildPhase;
			buildActionMask = 2147483647;
			files = (
				97E5D868159EE5D700D233F3 /* CoreData.framework in Frameworks */,
				97BAE23615785AAD00449601 /* SenTestingKit.framework in Frameworks */,
				EAC26605AA314545A862DE2F /* libPods-ClutterTests.a in Frameworks */,
				977CA87D15C0A851009376AD /* UIKit.framework in Frameworks */,
			);
			runOnlyForDeploymentPostprocessing = 0;
		};
		97E5D81A159E88B100D233F3 /* Frameworks */ = {
			isa = PBXFrameworksBuildPhase;
			buildActionMask = 2147483647;
			files = (
				9728F4C115BF7DE600849A6E /* libobjc.dylib in Frameworks */,
				97E5D869159EE5FB00D233F3 /* CoreData.framework in Frameworks */,
				977CA87C15C0A819009376AD /* UIKit.framework in Frameworks */,
			);
			runOnlyForDeploymentPostprocessing = 0;
		};
/* End PBXFrameworksBuildPhase section */

/* Begin PBXGroup section */
		9710F37C15784F6400BA3FDC = {
			isa = PBXGroup;
			children = (
				9710F3891578507900BA3FDC /* Clutter */,
				97BAE23B15785AAD00449601 /* ClutterTests */,
				97E5D823159E88B100D233F3 /* ClutterApp */,
				97BAE23415785AAD00449601 /* Frameworks */,
				97BAE23315785AAD00449601 /* Products */,
				09FC2F1879B748518CC2CD12 /* Pods.xcconfig */,
				3F3CA5434F8442CBBB929C68 /* Pods-ClutterTests.xcconfig */,
			);
			sourceTree = "<group>";
		};
		9710F3891578507900BA3FDC /* Clutter */ = {
			isa = PBXGroup;
			children = (
				9710F38515784F7B00BA3FDC /* Clutter.h */,
				9710F38A1578508C00BA3FDC /* ClutterMacros.h */,
				97E5D848159EDC8900D233F3 /* NSArray+ClutterAdditions.h */,
				97E5D85A159EE15E00D233F3 /* NSFetchedResultsController+ClutterAdditions.h */,
				97C93E0F15BF2C66005A47D6 /* NSObject+ClutterAdditions.h */,
				97E5D836159EC49600D233F3 /* NSString+ClutterAdditions.h */,
				97E5D83C159ECF1700D233F3 /* NSURL+ClutterAdditions.h */,
				97E5D842159ED43A00D233F3 /* NSURLRequest+ClutterAdditions.h */,
				9797692F15C3675100440B43 /* UIApplication+ClutterAdditions.h */,
				97E5D86A159EE68900D233F3 /* UIImage+ClutterAdditions.h */,
				97E5D85F159EE2F900D233F3 /* UISearchBar+ClutterAdditions.h */,
				9710F38B1578508C00BA3FDC /* UISegmentedControl+ClutterAdditions.h */,
				97C519BE15F9399600424734 /* UITableViewCell+ClutterAdditions.h */,
				97E5D849159EDC8900D233F3 /* NSArray+ClutterAdditions.m */,
				97E5D85B159EE15E00D233F3 /* NSFetchedResultsController+ClutterAdditions.m */,
				97C93E1015BF2C66005A47D6 /* NSObject+ClutterAdditions.m */,
				97E5D837159EC49600D233F3 /* NSString+ClutterAdditions.m */,
				97E5D83D159ECF1700D233F3 /* NSURL+ClutterAdditions.m */,
				97E5D843159ED43A00D233F3 /* NSURLRequest+ClutterAdditions.m */,
				9797693015C3675100440B43 /* UIApplication+ClutterAdditions.m */,
				97E5D86B159EE68900D233F3 /* UIImage+ClutterAdditions.m */,
				97E5D860159EE2F900D233F3 /* UISearchBar+ClutterAdditions.m */,
				9710F38C1578508C00BA3FDC /* UISegmentedControl+ClutterAdditions.m */,
				97C519BF15F9399600424734 /* UITableViewCell+ClutterAdditions.m */,
			);
			name = Clutter;
			sourceTree = "<group>";
		};
		97BAE23315785AAD00449601 /* Products */ = {
			isa = PBXGroup;
			children = (
				97BAE23215785AAD00449601 /* ClutterTests.octest */,
				97E5D81D159E88B100D233F3 /* ClutterApp.app */,
			);
			name = Products;
			sourceTree = "<group>";
		};
		97BAE23415785AAD00449601 /* Frameworks */ = {
			isa = PBXGroup;
			children = (
				FECA3C4CEBD64036BFDA7824 /* libPods-ClutterTests.a */,
				563CE226A06449DA8A7D1047 /* libPods.a */,
				9728F4C015BF7DE600849A6E /* libobjc.dylib */,
				97E5D867159EE5D700D233F3 /* CoreData.framework */,
				977CA87515C0A796009376AD /* CoreGraphics.framework */,
				977CA87915C0A7A1009376AD /* Foundation.framework */,
				97BAE23515785AAD00449601 /* SenTestingKit.framework */,
				977CA87715C0A79A009376AD /* UIKit.framework */,
			);
			name = Frameworks;
			sourceTree = "<group>";
		};
		97BAE23B15785AAD00449601 /* ClutterTests */ = {
			isa = PBXGroup;
			children = (
				97BAE25515785CCD00449601 /* TestClutter.m */,
				97A74F9E15792FAE00C093EF /* TestMacros.m */,
				97E5D84C159EDD3800D233F3 /* TestNSArray.m */,
				972D4A8B15BF74AC006B8AD9 /* TestNSObject.m */,
				97E5D83A159EC81E00D233F3 /* TestNSString.m */,
				97E5D840159ED0E000D233F3 /* TestNSURL.m */,
				97E5D846159ED44C00D233F3 /* TestNSURLRequest.m */,
				9797693315C385A800440B43 /* TestUIApplication.m */,
				97E5D801159E820900D233F3 /* TestUISegmentedControl.m */,
				97BAE23C15785AAD00449601 /* Supporting Files */,
			);
			path = ClutterTests;
			sourceTree = "<group>";
		};
		97BAE23C15785AAD00449601 /* Supporting Files */ = {
			isa = PBXGroup;
			children = (
				97BAE23D15785AAD00449601 /* ClutterTests-Info.plist */,
				97BAE23E15785AAD00449601 /* InfoPlist.strings */,
				97BAE24415785AAD00449601 /* ClutterTests-Prefix.pch */,
			);
			name = "Supporting Files";
			sourceTree = "<group>";
		};
		97E5D823159E88B100D233F3 /* ClutterApp */ = {
			isa = PBXGroup;
			children = (
				97E5D82C159E88B100D233F3 /* AppDelegate.h */,
				97E5D82D159E88B100D233F3 /* AppDelegate.m */,
				97E5D824159E88B100D233F3 /* Supporting Files */,
			);
			path = ClutterApp;
			sourceTree = "<group>";
		};
		97E5D824159E88B100D233F3 /* Supporting Files */ = {
			isa = PBXGroup;
			children = (
				97E5D825159E88B100D233F3 /* ClutterApp-Info.plist */,
				97E5D826159E88B100D233F3 /* InfoPlist.strings */,
				97E5D829159E88B100D233F3 /* main.m */,
				97E5D82B159E88B100D233F3 /* ClutterApp-Prefix.pch */,
			);
			name = "Supporting Files";
			sourceTree = "<group>";
		};
/* End PBXGroup section */

/* Begin PBXNativeTarget section */
		97BAE23115785AAD00449601 /* ClutterTests */ = {
			isa = PBXNativeTarget;
			buildConfigurationList = 97BAE24715785AAD00449601 /* Build configuration list for PBXNativeTarget "ClutterTests" */;
			buildPhases = (
				97BAE22D15785AAD00449601 /* Sources */,
				97BAE22E15785AAD00449601 /* Frameworks */,
				97BAE22F15785AAD00449601 /* Resources */,
				97BAE23015785AAD00449601 /* ShellScript */,
				CCC2017173E94F0EBF59D264 /* Copy Pods Resources */,
				744637A8403344C499EBBC16 /* Copy Pods Resources */,
			);
			buildRules = (
			);
			dependencies = (
				977CA87F15C0A8C7009376AD /* PBXTargetDependency */,
			);
			name = ClutterTests;
			productName = ClutterTests;
			productReference = 97BAE23215785AAD00449601 /* ClutterTests.octest */;
			productType = "com.apple.product-type.bundle";
		};
		97E5D81C159E88B100D233F3 /* ClutterApp */ = {
			isa = PBXNativeTarget;
			buildConfigurationList = 97E5D82F159E88B100D233F3 /* Build configuration list for PBXNativeTarget "ClutterApp" */;
			buildPhases = (
				97E5D819159E88B100D233F3 /* Sources */,
				97E5D81A159E88B100D233F3 /* Frameworks */,
				97E5D81B159E88B100D233F3 /* Resources */,
			);
			buildRules = (
			);
			dependencies = (
			);
			name = ClutterApp;
			productName = ClutterApp;
			productReference = 97E5D81D159E88B100D233F3 /* ClutterApp.app */;
			productType = "com.apple.product-type.application";
		};
/* End PBXNativeTarget section */

/* Begin PBXProject section */
		9710F37E15784F6400BA3FDC /* Project object */ = {
			isa = PBXProject;
			attributes = {
				LastUpgradeCheck = 0430;
				ORGANIZATIONNAME = "Apis Amens";
			};
			buildConfigurationList = 9710F38115784F6400BA3FDC /* Build configuration list for PBXProject "Clutter" */;
			compatibilityVersion = "Xcode 3.2";
			developmentRegion = English;
			hasScannedForEncodings = 0;
			knownRegions = (
				en,
			);
			mainGroup = 9710F37C15784F6400BA3FDC;
			productRefGroup = 97BAE23315785AAD00449601 /* Products */;
			projectDirPath = "";
			projectRoot = "";
			targets = (
				97E5D81C159E88B100D233F3 /* ClutterApp */,
				97BAE23115785AAD00449601 /* ClutterTests */,
			);
		};
/* End PBXProject section */

/* Begin PBXResourcesBuildPhase section */
		97BAE22F15785AAD00449601 /* Resources */ = {
			isa = PBXResourcesBuildPhase;
			buildActionMask = 2147483647;
			files = (
				97BAE24015785AAD00449601 /* InfoPlist.strings in Resources */,
			);
			runOnlyForDeploymentPostprocessing = 0;
		};
		97E5D81B159E88B100D233F3 /* Resources */ = {
			isa = PBXResourcesBuildPhase;
			buildActionMask = 2147483647;
			files = (
				97E5D828159E88B100D233F3 /* InfoPlist.strings in Resources */,
			);
			runOnlyForDeploymentPostprocessing = 0;
		};
/* End PBXResourcesBuildPhase section */

/* Begin PBXShellScriptBuildPhase section */
		744637A8403344C499EBBC16 /* Copy Pods Resources */ = {
			isa = PBXShellScriptBuildPhase;
			buildActionMask = 2147483647;
			files = (
			);
			inputPaths = (
			);
			name = "Copy Pods Resources";
			outputPaths = (
			);
			runOnlyForDeploymentPostprocessing = 0;
			shellPath = /bin/sh;
			shellScript = "\"${SRCROOT}/Pods/Pods-ClutterTests-resources.sh\"\n";
		};
		97BAE23015785AAD00449601 /* ShellScript */ = {
			isa = PBXShellScriptBuildPhase;
			buildActionMask = 2147483647;
			files = (
			);
			inputPaths = (
			);
			outputPaths = (
			);
			runOnlyForDeploymentPostprocessing = 0;
			shellPath = /bin/sh;
			shellScript = "# Run the unit tests in this test bundle.\n\"${SYSTEM_DEVELOPER_DIR}/Tools/RunUnitTests\"\n";
		};
		CCC2017173E94F0EBF59D264 /* Copy Pods Resources */ = {
			isa = PBXShellScriptBuildPhase;
			buildActionMask = 2147483647;
			files = (
			);
			inputPaths = (
			);
			name = "Copy Pods Resources";
			outputPaths = (
			);
			runOnlyForDeploymentPostprocessing = 0;
			shellPath = /bin/sh;
			shellScript = "\"${SRCROOT}/Pods/Pods-resources.sh\"\n";
		};
/* End PBXShellScriptBuildPhase section */

/* Begin PBXSourcesBuildPhase section */
		97BAE22D15785AAD00449601 /* Sources */ = {
			isa = PBXSourcesBuildPhase;
			buildActionMask = 2147483647;
			files = (
				97BAE25615785CCD00449601 /* TestClutter.m in Sources */,
				97A74F9F15792FAE00C093EF /* TestMacros.m in Sources */,
				97E5D802159E820900D233F3 /* TestUISegmentedControl.m in Sources */,
				97E5D83B159EC81E00D233F3 /* TestNSString.m in Sources */,
				97E5D841159ED0E000D233F3 /* TestNSURL.m in Sources */,
				97E5D847159ED44C00D233F3 /* TestNSURLRequest.m in Sources */,
				97E5D84D159EDD3800D233F3 /* TestNSArray.m in Sources */,
				972D4A8C15BF74AC006B8AD9 /* TestNSObject.m in Sources */,
				9797693415C385A800440B43 /* TestUIApplication.m in Sources */,
			);
			runOnlyForDeploymentPostprocessing = 0;
		};
		97E5D819159E88B100D233F3 /* Sources */ = {
			isa = PBXSourcesBuildPhase;
			buildActionMask = 2147483647;
			files = (
				97E5D82A159E88B100D233F3 /* main.m in Sources */,
				97E5D82E159E88B100D233F3 /* AppDelegate.m in Sources */,
				977CA88015C0A8CE009376AD /* NSArray+ClutterAdditions.m in Sources */,
				977CA88115C0A8CE009376AD /* NSFetchedResultsController+ClutterAdditions.m in Sources */,
				977CA88215C0A8CE009376AD /* NSObject+ClutterAdditions.m in Sources */,
				977CA88315C0A8CE009376AD /* NSString+ClutterAdditions.m in Sources */,
				977CA88415C0A8CE009376AD /* NSURL+ClutterAdditions.m in Sources */,
				977CA88515C0A8CE009376AD /* NSURLRequest+ClutterAdditions.m in Sources */,
				977CA88615C0A8CE009376AD /* UIImage+ClutterAdditions.m in Sources */,
				977CA88715C0A8CE009376AD /* UISearchBar+ClutterAdditions.m in Sources */,
				977CA88815C0A8CE009376AD /* UISegmentedControl+ClutterAdditions.m in Sources */,
				9797693115C3675100440B43 /* UIApplication+ClutterAdditions.m in Sources */,
				97C519C015F9399600424734 /* UITableViewCell+ClutterAdditions.m in Sources */,
			);
			runOnlyForDeploymentPostprocessing = 0;
		};
/* End PBXSourcesBuildPhase section */

/* Begin PBXTargetDependency section */
		977CA87F15C0A8C7009376AD /* PBXTargetDependency */ = {
			isa = PBXTargetDependency;
			target = 97E5D81C159E88B100D233F3 /* ClutterApp */;
			targetProxy = 977CA87E15C0A8C7009376AD /* PBXContainerItemProxy */;
		};
/* End PBXTargetDependency section */

/* Begin PBXVariantGroup section */
		97BAE23E15785AAD00449601 /* InfoPlist.strings */ = {
			isa = PBXVariantGroup;
			children = (
				97BAE23F15785AAD00449601 /* en */,
			);
			name = InfoPlist.strings;
			sourceTree = "<group>";
		};
		97E5D826159E88B100D233F3 /* InfoPlist.strings */ = {
			isa = PBXVariantGroup;
			children = (
				97E5D827159E88B100D233F3 /* en */,
			);
			name = InfoPlist.strings;
			sourceTree = "<group>";
		};
/* End PBXVariantGroup section */

/* Begin XCBuildConfiguration section */
		9710F38315784F6400BA3FDC /* Debug */ = {
			isa = XCBuildConfiguration;
			baseConfigurationReference = 09FC2F1879B748518CC2CD12 /* Pods.xcconfig */;
			buildSettings = {
				IPHONEOS_DEPLOYMENT_TARGET = 6.0;
			};
			name = Debug;
		};
		9710F38415784F6400BA3FDC /* Release */ = {
			isa = XCBuildConfiguration;
			baseConfigurationReference = 09FC2F1879B748518CC2CD12 /* Pods.xcconfig */;
			buildSettings = {
				IPHONEOS_DEPLOYMENT_TARGET = 6.0;
			};
			name = Release;
		};
		97BAE24515785AAD00449601 /* Debug */ = {
			isa = XCBuildConfiguration;
			baseConfigurationReference = 3F3CA5434F8442CBBB929C68 /* Pods-ClutterTests.xcconfig */;
			buildSettings = {
				ALWAYS_SEARCH_USER_PATHS = NO;
				ARCHS = "$(ARCHS_STANDARD_32_BIT)";
				BUNDLE_LOADER = "$(BUILT_PRODUCTS_DIR)/ClutterApp.app/ClutterApp";
				CLANG_ENABLE_OBJC_ARC = YES;
				COPY_PHASE_STRIP = NO;
				DSTROOT = /tmp/xcodeproj.dst;
				FRAMEWORK_SEARCH_PATHS = (
					"$(SDKROOT)/Developer/Library/Frameworks",
					"$(DEVELOPER_LIBRARY_DIR)/Frameworks",
				);
				GCC_C_LANGUAGE_STANDARD = gnu99;
				GCC_DYNAMIC_NO_PIC = NO;
				GCC_OPTIMIZATION_LEVEL = 0;
				GCC_PRECOMPILE_PREFIX_HEADER = YES;
				GCC_PREFIX_HEADER = "ClutterTests/ClutterTests-Prefix.pch";
				GCC_PREPROCESSOR_DEFINITIONS = (
					"DEBUG=1",
					"$(inherited)",
				);
				GCC_SYMBOLS_PRIVATE_EXTERN = NO;
				GCC_VERSION = com.apple.compilers.llvm.clang.1_0;
				GCC_WARN_ABOUT_RETURN_TYPE = YES;
				GCC_WARN_UNINITIALIZED_AUTOS = YES;
				GCC_WARN_UNUSED_VARIABLE = YES;
				INFOPLIST_FILE = "ClutterTests/ClutterTests-Info.plist";
				IPHONEOS_DEPLOYMENT_TARGET = 5.1;
				PRODUCT_NAME = "$(TARGET_NAME)";
				SDKROOT = iphoneos;
				SKIP_INSTALL = YES;
				TEST_HOST = "$(BUNDLE_LOADER)";
				WRAPPER_EXTENSION = octest;
			};
			name = Debug;
		};
		97BAE24615785AAD00449601 /* Release */ = {
			isa = XCBuildConfiguration;
			baseConfigurationReference = 3F3CA5434F8442CBBB929C68 /* Pods-ClutterTests.xcconfig */;
			buildSettings = {
				ALWAYS_SEARCH_USER_PATHS = NO;
				ARCHS = "$(ARCHS_STANDARD_32_BIT)";
				BUNDLE_LOADER = "$(BUILT_PRODUCTS_DIR)/ClutterApp.app/ClutterApp";
				CLANG_ENABLE_OBJC_ARC = YES;
				COPY_PHASE_STRIP = YES;
				DSTROOT = /tmp/xcodeproj.dst;
				FRAMEWORK_SEARCH_PATHS = (
					"$(SDKROOT)/Developer/Library/Frameworks",
					"$(DEVELOPER_LIBRARY_DIR)/Frameworks",
				);
				GCC_C_LANGUAGE_STANDARD = gnu99;
				GCC_PRECOMPILE_PREFIX_HEADER = YES;
				GCC_PREFIX_HEADER = "ClutterTests/ClutterTests-Prefix.pch";
				GCC_VERSION = com.apple.compilers.llvm.clang.1_0;
				GCC_WARN_ABOUT_RETURN_TYPE = YES;
				GCC_WARN_UNINITIALIZED_AUTOS = YES;
				GCC_WARN_UNUSED_VARIABLE = YES;
				INFOPLIST_FILE = "ClutterTests/ClutterTests-Info.plist";
				IPHONEOS_DEPLOYMENT_TARGET = 5.1;
				PRODUCT_NAME = "$(TARGET_NAME)";
				SDKROOT = iphoneos;
				SKIP_INSTALL = YES;
				TEST_HOST = "$(BUNDLE_LOADER)";
				VALIDATE_PRODUCT = YES;
				WRAPPER_EXTENSION = octest;
			};
			name = Release;
		};
		97E5D830159E88B100D233F3 /* Debug */ = {
			isa = XCBuildConfiguration;
			baseConfigurationReference = 09FC2F1879B748518CC2CD12 /* Pods.xcconfig */;
			buildSettings = {
				ALWAYS_SEARCH_USER_PATHS = NO;
				CLANG_CXX_LANGUAGE_STANDARD = "gnu++0x";
				CLANG_ENABLE_OBJC_ARC = YES;
				CLANG_WARN__DUPLICATE_METHOD_MATCH = YES;
				"CODE_SIGN_IDENTITY[sdk=iphoneos*]" = "iPhone Developer";
				COPY_PHASE_STRIP = NO;
				FRAMEWORK_SEARCH_PATHS = "$(inherited)";
				GCC_C_LANGUAGE_STANDARD = gnu99;
				GCC_DYNAMIC_NO_PIC = NO;
				GCC_OPTIMIZATION_LEVEL = 0;
				GCC_PRECOMPILE_PREFIX_HEADER = YES;
				GCC_PREFIX_HEADER = "ClutterApp/ClutterApp-Prefix.pch";
				GCC_PREPROCESSOR_DEFINITIONS = (
					"DEBUG=1",
					"$(inherited)",
				);
				GCC_SYMBOLS_PRIVATE_EXTERN = NO;
				GCC_WARN_ABOUT_RETURN_TYPE = YES;
				GCC_WARN_UNINITIALIZED_AUTOS = YES;
				GCC_WARN_UNUSED_VARIABLE = YES;
				INFOPLIST_FILE = "ClutterApp/ClutterApp-Info.plist";
				IPHONEOS_DEPLOYMENT_TARGET = 5.1;
				PRODUCT_NAME = "$(TARGET_NAME)";
				SDKROOT = iphoneos;
				TARGETED_DEVICE_FAMILY = "1,2";
				WRAPPER_EXTENSION = app;
			};
			name = Debug;
		};
		97E5D831159E88B100D233F3 /* Release */ = {
			isa = XCBuildConfiguration;
			baseConfigurationReference = 09FC2F1879B748518CC2CD12 /* Pods.xcconfig */;
			buildSettings = {
				ALWAYS_SEARCH_USER_PATHS = NO;
				CLANG_CXX_LANGUAGE_STANDARD = "gnu++0x";
				CLANG_ENABLE_OBJC_ARC = YES;
				CLANG_WARN__DUPLICATE_METHOD_MATCH = YES;
				"CODE_SIGN_IDENTITY[sdk=iphoneos*]" = "iPhone Developer";
				COPY_PHASE_STRIP = YES;
				FRAMEWORK_SEARCH_PATHS = (
					"$(inherited)",
					"\"$(SYSTEM_APPS_DIR)/Xcode45-DP2.app/Contents/Developer/Library/Frameworks\"",
				);
				GCC_C_LANGUAGE_STANDARD = gnu99;
				GCC_PRECOMPILE_PREFIX_HEADER = YES;
				GCC_PREFIX_HEADER = "ClutterApp/ClutterApp-Prefix.pch";
				GCC_WARN_ABOUT_RETURN_TYPE = YES;
				GCC_WARN_UNINITIALIZED_AUTOS = YES;
				GCC_WARN_UNUSED_VARIABLE = YES;
				INFOPLIST_FILE = "ClutterApp/ClutterApp-Info.plist";
				IPHONEOS_DEPLOYMENT_TARGET = 5.1;
				OTHER_CFLAGS = "-DNS_BLOCK_ASSERTIONS=1";
				PRODUCT_NAME = "$(TARGET_NAME)";
				SDKROOT = iphoneos;
				TARGETED_DEVICE_FAMILY = "1,2";
				VALIDATE_PRODUCT = YES;
				WRAPPER_EXTENSION = app;
			};
			name = Release;
		};
/* End XCBuildConfiguration section */

/* Begin XCConfigurationList section */
		9710F38115784F6400BA3FDC /* Build configuration list for PBXProject "Clutter" */ = {
			isa = XCConfigurationList;
			buildConfigurations = (
				9710F38315784F6400BA3FDC /* Debug */,
				9710F38415784F6400BA3FDC /* Release */,
			);
			defaultConfigurationIsVisible = 0;
			defaultConfigurationName = Release;
		};
		97BAE24715785AAD00449601 /* Build configuration list for PBXNativeTarget "ClutterTests" */ = {
			isa = XCConfigurationList;
			buildConfigurations = (
				97BAE24515785AAD00449601 /* Debug */,
				97BAE24615785AAD00449601 /* Release */,
			);
			defaultConfigurationIsVisible = 0;
			defaultConfigurationName = Release;
		};
		97E5D82F159E88B100D233F3 /* Build configuration list for PBXNativeTarget "ClutterApp" */ = {
			isa = XCConfigurationList;
			buildConfigurations = (
				97E5D830159E88B100D233F3 /* Debug */,
				97E5D831159E88B100D233F3 /* Release */,
			);
			defaultConfigurationIsVisible = 0;
			defaultConfigurationName = Release;
		};
/* End XCConfigurationList section */
	};
	rootObject = 9710F37E15784F6400BA3FDC /* Project object */;
}
